// !$*UTF8*$!
{
	archiveVersion = 1;
	classes = {
	};
	objectVersion = 46;
	objects = {

/* Begin PBXBuildFile section */
		BA150FA91E53B870009A14E3 /* animTests.swift in Sources */ = {isa = PBXBuildFile; fileRef = BA150F961E53B838009A14E3 /* animTests.swift */; };
		BA150FAA1E53D2EB009A14E3 /* anim.framework in Frameworks */ = {isa = PBXBuildFile; fileRef = BA3FCA091E4B262F0095BE41 /* anim.framework */; };
		BA20430F1E5C571100E8FDCA /* Assets.xcassets in Resources */ = {isa = PBXBuildFile; fileRef = BA20430A1E5C571100E8FDCA /* Assets.xcassets */; };
		BA2043101E5C571100E8FDCA /* Info.plist in Resources */ = {isa = PBXBuildFile; fileRef = BA20430B1E5C571100E8FDCA /* Info.plist */; };
		BA2043111E5C571100E8FDCA /* LaunchScreen.storyboard in Resources */ = {isa = PBXBuildFile; fileRef = BA20430C1E5C571100E8FDCA /* LaunchScreen.storyboard */; };
		BA2043121E5C571100E8FDCA /* ViewController.swift in Sources */ = {isa = PBXBuildFile; fileRef = BA20430D1E5C571100E8FDCA /* ViewController.swift */; };
		BA2043151E5C7BDC00E8FDCA /* Layout.swift in Sources */ = {isa = PBXBuildFile; fileRef = BA2043141E5C7BDC00E8FDCA /* Layout.swift */; };
		BA20432F1E5C81AD00E8FDCA /* AppDelegate.swift in Sources */ = {isa = PBXBuildFile; fileRef = BA20432D1E5C81AD00E8FDCA /* AppDelegate.swift */; };
		BA2043301E5C81AD00E8FDCA /* ViewController.swift in Sources */ = {isa = PBXBuildFile; fileRef = BA20432E1E5C81AD00E8FDCA /* ViewController.swift */; };
		BA2043311E5C81C000E8FDCA /* Layout.swift in Sources */ = {isa = PBXBuildFile; fileRef = BA2043141E5C7BDC00E8FDCA /* Layout.swift */; };
		BA2043331E5C829600E8FDCA /* Info.plist in Resources */ = {isa = PBXBuildFile; fileRef = BA20430B1E5C571100E8FDCA /* Info.plist */; };
		BA2043341E5C829700E8FDCA /* LaunchScreen.storyboard in Resources */ = {isa = PBXBuildFile; fileRef = BA20430C1E5C571100E8FDCA /* LaunchScreen.storyboard */; };
		BA2043351E5C829900E8FDCA /* Assets.xcassets in Resources */ = {isa = PBXBuildFile; fileRef = BA20430A1E5C571100E8FDCA /* Assets.xcassets */; };
		BA2043361E5C831300E8FDCA /* AppDelegate.swift in Sources */ = {isa = PBXBuildFile; fileRef = BA20432D1E5C81AD00E8FDCA /* AppDelegate.swift */; };
		BA2043381E5C840600E8FDCA /* Particle.swift in Sources */ = {isa = PBXBuildFile; fileRef = BA2043371E5C840600E8FDCA /* Particle.swift */; };
		BA20433C1E5C86CF00E8FDCA /* Emitter.swift in Sources */ = {isa = PBXBuildFile; fileRef = BA20433B1E5C86CF00E8FDCA /* Emitter.swift */; };
		BA20433E1E5C8A7000E8FDCA /* Math.swift in Sources */ = {isa = PBXBuildFile; fileRef = BA20433D1E5C8A7000E8FDCA /* Math.swift */; };
		BA20433F1E5C8A7000E8FDCA /* Math.swift in Sources */ = {isa = PBXBuildFile; fileRef = BA20433D1E5C8A7000E8FDCA /* Math.swift */; };
		BA3FCA251E4B26430095BE41 /* anim.swift in Sources */ = {isa = PBXBuildFile; fileRef = BA3FCA241E4B26430095BE41 /* anim.swift */; };
		BA656D931E574E35006A8221 /* anim.h in Headers */ = {isa = PBXBuildFile; fileRef = BA656D921E574E35006A8221 /* anim.h */; settings = {ATTRIBUTES = (Public, ); }; };
		BA656D951E574E35006A8221 /* anim.h in Headers */ = {isa = PBXBuildFile; fileRef = BA656D921E574E35006A8221 /* anim.h */; settings = {ATTRIBUTES = (Public, ); }; };
		BA656D971E575728006A8221 /* animosx.h in Headers */ = {isa = PBXBuildFile; fileRef = BA656D961E575728006A8221 /* animosx.h */; settings = {ATTRIBUTES = (Public, ); }; };
		BA656DA11E57576F006A8221 /* anim.framework in Frameworks */ = {isa = PBXBuildFile; fileRef = BA656D701E5726EF006A8221 /* anim.framework */; };
		BA656DA71E5757A6006A8221 /* animTests.swift in Sources */ = {isa = PBXBuildFile; fileRef = BA150F961E53B838009A14E3 /* animTests.swift */; };
		BA656DA81E575883006A8221 /* anim.swift in Sources */ = {isa = PBXBuildFile; fileRef = BA3FCA241E4B26430095BE41 /* anim.swift */; };
		BA656DA91E575883006A8221 /* AnimatorType.swift in Sources */ = {isa = PBXBuildFile; fileRef = BA7057651E54D1F600565309 /* AnimatorType.swift */; };
		BA656DAA1E575883006A8221 /* Constraint.swift in Sources */ = {isa = PBXBuildFile; fileRef = BA70576D1E54D76E00565309 /* Constraint.swift */; };
		BA656DAB1E575883006A8221 /* Animator.swift in Sources */ = {isa = PBXBuildFile; fileRef = BA7057681E54D32A00565309 /* Animator.swift */; };
		BA656DAC1E575883006A8221 /* Animator-ios.swift in Sources */ = {isa = PBXBuildFile; fileRef = BAE19D581E53313F000A41AB /* Animator-ios.swift */; };
		BA656DAD1E575883006A8221 /* Ease.swift in Sources */ = {isa = PBXBuildFile; fileRef = BAE19D5A1E5331A0000A41AB /* Ease.swift */; };
		BA656DAE1E575883006A8221 /* Settings.swift in Sources */ = {isa = PBXBuildFile; fileRef = BAE19D5C1E53329B000A41AB /* Settings.swift */; };
		BA7057601E549FA100565309 /* anim.swift in Sources */ = {isa = PBXBuildFile; fileRef = BA3FCA241E4B26430095BE41 /* anim.swift */; };
		BA7057631E549FA100565309 /* Ease.swift in Sources */ = {isa = PBXBuildFile; fileRef = BAE19D5A1E5331A0000A41AB /* Ease.swift */; };
		BA7057641E549FA100565309 /* Settings.swift in Sources */ = {isa = PBXBuildFile; fileRef = BAE19D5C1E53329B000A41AB /* Settings.swift */; };
		BA7057661E54D1F600565309 /* AnimatorType.swift in Sources */ = {isa = PBXBuildFile; fileRef = BA7057651E54D1F600565309 /* AnimatorType.swift */; };
		BA7057671E54D1F600565309 /* AnimatorType.swift in Sources */ = {isa = PBXBuildFile; fileRef = BA7057651E54D1F600565309 /* AnimatorType.swift */; };
		BA7057691E54D32A00565309 /* Animator.swift in Sources */ = {isa = PBXBuildFile; fileRef = BA7057681E54D32A00565309 /* Animator.swift */; };
		BA70576A1E54D32A00565309 /* Animator.swift in Sources */ = {isa = PBXBuildFile; fileRef = BA7057681E54D32A00565309 /* Animator.swift */; };
		BA70576C1E54D37000565309 /* Animator-macos.swift in Sources */ = {isa = PBXBuildFile; fileRef = BA70576B1E54D37000565309 /* Animator-macos.swift */; };
		BA70576E1E54D76E00565309 /* Constraint.swift in Sources */ = {isa = PBXBuildFile; fileRef = BA70576D1E54D76E00565309 /* Constraint.swift */; };
		BA70576F1E54D76E00565309 /* Constraint.swift in Sources */ = {isa = PBXBuildFile; fileRef = BA70576D1E54D76E00565309 /* Constraint.swift */; };
		BA7057A31E54EC7600565309 /* anim.framework in Frameworks */ = {isa = PBXBuildFile; fileRef = BA7057581E549F7300565309 /* anim.framework */; };
		BA7057AA1E54ECDD00565309 /* animTests.swift in Sources */ = {isa = PBXBuildFile; fileRef = BA150F961E53B838009A14E3 /* animTests.swift */; };
		BA75D68B1E5B40E500755E5D /* Promise.swift in Sources */ = {isa = PBXBuildFile; fileRef = BA75D68A1E5B40E500755E5D /* Promise.swift */; };
		BA75D68C1E5B40E500755E5D /* Promise.swift in Sources */ = {isa = PBXBuildFile; fileRef = BA75D68A1E5B40E500755E5D /* Promise.swift */; };
		BA75D68D1E5B40E500755E5D /* Promise.swift in Sources */ = {isa = PBXBuildFile; fileRef = BA75D68A1E5B40E500755E5D /* Promise.swift */; };
		BAE19D591E53313F000A41AB /* Animator-ios.swift in Sources */ = {isa = PBXBuildFile; fileRef = BAE19D581E53313F000A41AB /* Animator-ios.swift */; };
		BAE19D5B1E5331A0000A41AB /* Ease.swift in Sources */ = {isa = PBXBuildFile; fileRef = BAE19D5A1E5331A0000A41AB /* Ease.swift */; };
		BAE19D5D1E53329B000A41AB /* Settings.swift in Sources */ = {isa = PBXBuildFile; fileRef = BAE19D5C1E53329B000A41AB /* Settings.swift */; };
/* End PBXBuildFile section */

/* Begin PBXContainerItemProxy section */
		BA2043391E5C84E800E8FDCA /* PBXContainerItemProxy */ = {
			isa = PBXContainerItemProxy;
			containerPortal = BA3FCA001E4B262F0095BE41 /* Project object */;
			proxyType = 1;
			remoteGlobalIDString = BA3FCA081E4B262F0095BE41;
			remoteInfo = "anim-ios";
		};
/* End PBXContainerItemProxy section */

/* Begin PBXFileReference section */
		BA150F961E53B838009A14E3 /* animTests.swift */ = {isa = PBXFileReference; fileEncoding = 4; lastKnownFileType = sourcecode.swift; path = animTests.swift; sourceTree = "<group>"; };
		BA150F971E53B838009A14E3 /* Info.plist */ = {isa = PBXFileReference; fileEncoding = 4; lastKnownFileType = text.plist.xml; path = Info.plist; sourceTree = "<group>"; };
		BA150F9E1E53B85C009A14E3 /* animTests-ios.xctest */ = {isa = PBXFileReference; explicitFileType = wrapper.cfbundle; includeInIndex = 0; path = "animTests-ios.xctest"; sourceTree = BUILT_PRODUCTS_DIR; };
		BA2042F31E5C404700E8FDCA /* example-circle-menu.app */ = {isa = PBXFileReference; explicitFileType = wrapper.application; includeInIndex = 0; path = "example-circle-menu.app"; sourceTree = BUILT_PRODUCTS_DIR; };
		BA20430A1E5C571100E8FDCA /* Assets.xcassets */ = {isa = PBXFileReference; lastKnownFileType = folder.assetcatalog; path = Assets.xcassets; sourceTree = "<group>"; };
		BA20430B1E5C571100E8FDCA /* Info.plist */ = {isa = PBXFileReference; fileEncoding = 4; lastKnownFileType = text.plist.xml; path = Info.plist; sourceTree = "<group>"; };
		BA20430C1E5C571100E8FDCA /* LaunchScreen.storyboard */ = {isa = PBXFileReference; fileEncoding = 4; lastKnownFileType = file.storyboard; path = LaunchScreen.storyboard; sourceTree = "<group>"; };
		BA20430D1E5C571100E8FDCA /* ViewController.swift */ = {isa = PBXFileReference; fileEncoding = 4; lastKnownFileType = sourcecode.swift; path = ViewController.swift; sourceTree = "<group>"; };
		BA2043141E5C7BDC00E8FDCA /* Layout.swift */ = {isa = PBXFileReference; fileEncoding = 4; lastKnownFileType = sourcecode.swift; path = Layout.swift; sourceTree = "<group>"; };
		BA20431A1E5C80EB00E8FDCA /* example-bonfire.app */ = {isa = PBXFileReference; explicitFileType = wrapper.application; includeInIndex = 0; path = "example-bonfire.app"; sourceTree = BUILT_PRODUCTS_DIR; };
		BA20432D1E5C81AD00E8FDCA /* AppDelegate.swift */ = {isa = PBXFileReference; fileEncoding = 4; lastKnownFileType = sourcecode.swift; path = AppDelegate.swift; sourceTree = "<group>"; };
		BA20432E1E5C81AD00E8FDCA /* ViewController.swift */ = {isa = PBXFileReference; fileEncoding = 4; lastKnownFileType = sourcecode.swift; path = ViewController.swift; sourceTree = "<group>"; };
		BA2043371E5C840600E8FDCA /* Particle.swift */ = {isa = PBXFileReference; fileEncoding = 4; lastKnownFileType = sourcecode.swift; path = Particle.swift; sourceTree = "<group>"; };
		BA20433B1E5C86CF00E8FDCA /* Emitter.swift */ = {isa = PBXFileReference; fileEncoding = 4; lastKnownFileType = sourcecode.swift; path = Emitter.swift; sourceTree = "<group>"; };
		BA20433D1E5C8A7000E8FDCA /* Math.swift */ = {isa = PBXFileReference; fileEncoding = 4; lastKnownFileType = sourcecode.swift; path = Math.swift; sourceTree = "<group>"; };
		BA3FCA091E4B262F0095BE41 /* anim.framework */ = {isa = PBXFileReference; explicitFileType = wrapper.framework; includeInIndex = 0; path = anim.framework; sourceTree = BUILT_PRODUCTS_DIR; };
		BA3FCA0D1E4B262F0095BE41 /* Info.plist */ = {isa = PBXFileReference; lastKnownFileType = text.plist.xml; path = Info.plist; sourceTree = "<group>"; };
		BA3FCA241E4B26430095BE41 /* anim.swift */ = {isa = PBXFileReference; fileEncoding = 4; lastKnownFileType = sourcecode.swift; path = anim.swift; sourceTree = "<group>"; };
		BA656D701E5726EF006A8221 /* anim.framework */ = {isa = PBXFileReference; explicitFileType = wrapper.framework; includeInIndex = 0; path = anim.framework; sourceTree = BUILT_PRODUCTS_DIR; };
		BA656D921E574E35006A8221 /* anim.h */ = {isa = PBXFileReference; fileEncoding = 4; lastKnownFileType = sourcecode.c.h; path = anim.h; sourceTree = "<group>"; };
		BA656D961E575728006A8221 /* animosx.h */ = {isa = PBXFileReference; fileEncoding = 4; lastKnownFileType = sourcecode.c.h; path = animosx.h; sourceTree = "<group>"; };
		BA656D9C1E57576F006A8221 /* animTests-tvos.xctest */ = {isa = PBXFileReference; explicitFileType = wrapper.cfbundle; includeInIndex = 0; path = "animTests-tvos.xctest"; sourceTree = BUILT_PRODUCTS_DIR; };
		BA7057581E549F7300565309 /* anim.framework */ = {isa = PBXFileReference; explicitFileType = wrapper.framework; includeInIndex = 0; path = anim.framework; sourceTree = BUILT_PRODUCTS_DIR; };
		BA7057651E54D1F600565309 /* AnimatorType.swift */ = {isa = PBXFileReference; fileEncoding = 4; lastKnownFileType = sourcecode.swift; path = AnimatorType.swift; sourceTree = "<group>"; };
		BA7057681E54D32A00565309 /* Animator.swift */ = {isa = PBXFileReference; fileEncoding = 4; lastKnownFileType = sourcecode.swift; path = Animator.swift; sourceTree = "<group>"; };
		BA70576B1E54D37000565309 /* Animator-macos.swift */ = {isa = PBXFileReference; fileEncoding = 4; lastKnownFileType = sourcecode.swift; path = "Animator-macos.swift"; sourceTree = "<group>"; };
		BA70576D1E54D76E00565309 /* Constraint.swift */ = {isa = PBXFileReference; fileEncoding = 4; lastKnownFileType = sourcecode.swift; path = Constraint.swift; sourceTree = "<group>"; };
		BA70579E1E54EC7600565309 /* animTests-macos.xctest */ = {isa = PBXFileReference; explicitFileType = wrapper.cfbundle; includeInIndex = 0; path = "animTests-macos.xctest"; sourceTree = BUILT_PRODUCTS_DIR; };
		BA75D68A1E5B40E500755E5D /* Promise.swift */ = {isa = PBXFileReference; fileEncoding = 4; lastKnownFileType = sourcecode.swift; path = Promise.swift; sourceTree = "<group>"; };
		BAE19D581E53313F000A41AB /* Animator-ios.swift */ = {isa = PBXFileReference; fileEncoding = 4; lastKnownFileType = sourcecode.swift; path = "Animator-ios.swift"; sourceTree = "<group>"; };
		BAE19D5A1E5331A0000A41AB /* Ease.swift */ = {isa = PBXFileReference; fileEncoding = 4; lastKnownFileType = sourcecode.swift; path = Ease.swift; sourceTree = "<group>"; };
		BAE19D5C1E53329B000A41AB /* Settings.swift */ = {isa = PBXFileReference; fileEncoding = 4; lastKnownFileType = sourcecode.swift; path = Settings.swift; sourceTree = "<group>"; };
/* End PBXFileReference section */

/* Begin PBXFrameworksBuildPhase section */
		BA150F9B1E53B85C009A14E3 /* Frameworks */ = {
			isa = PBXFrameworksBuildPhase;
			buildActionMask = 2147483647;
			files = (
				BA150FAA1E53D2EB009A14E3 /* anim.framework in Frameworks */,
			);
			runOnlyForDeploymentPostprocessing = 0;
		};
		BA2042F01E5C404700E8FDCA /* Frameworks */ = {
			isa = PBXFrameworksBuildPhase;
			buildActionMask = 2147483647;
			files = (
			);
			runOnlyForDeploymentPostprocessing = 0;
		};
		BA2043171E5C80EB00E8FDCA /* Frameworks */ = {
			isa = PBXFrameworksBuildPhase;
			buildActionMask = 2147483647;
			files = (
			);
			runOnlyForDeploymentPostprocessing = 0;
		};
		BA3FCA051E4B262F0095BE41 /* Frameworks */ = {
			isa = PBXFrameworksBuildPhase;
			buildActionMask = 2147483647;
			files = (
			);
			runOnlyForDeploymentPostprocessing = 0;
		};
		BA656D6C1E5726EF006A8221 /* Frameworks */ = {
			isa = PBXFrameworksBuildPhase;
			buildActionMask = 2147483647;
			files = (
			);
			runOnlyForDeploymentPostprocessing = 0;
		};
		BA656D991E57576F006A8221 /* Frameworks */ = {
			isa = PBXFrameworksBuildPhase;
			buildActionMask = 2147483647;
			files = (
				BA656DA11E57576F006A8221 /* anim.framework in Frameworks */,
			);
			runOnlyForDeploymentPostprocessing = 0;
		};
		BA7057541E549F7300565309 /* Frameworks */ = {
			isa = PBXFrameworksBuildPhase;
			buildActionMask = 2147483647;
			files = (
			);
			runOnlyForDeploymentPostprocessing = 0;
		};
		BA70579B1E54EC7600565309 /* Frameworks */ = {
			isa = PBXFrameworksBuildPhase;
			buildActionMask = 2147483647;
			files = (
				BA7057A31E54EC7600565309 /* anim.framework in Frameworks */,
			);
			runOnlyForDeploymentPostprocessing = 0;
		};
/* End PBXFrameworksBuildPhase section */

/* Begin PBXGroup section */
		BA2043071E5C56E400E8FDCA /* examples */ = {
			isa = PBXGroup;
			children = (
				BA2043131E5C7BAD00E8FDCA /* shared */,
				BA20432C1E5C81AD00E8FDCA /* bonfire */,
				BA2043081E5C56FD00E8FDCA /* circle-menu */,
			);
			path = examples;
			sourceTree = "<group>";
		};
		BA2043081E5C56FD00E8FDCA /* circle-menu */ = {
			isa = PBXGroup;
			children = (
				BA20430D1E5C571100E8FDCA /* ViewController.swift */,
			);
			path = "circle-menu";
			sourceTree = "<group>";
		};
		BA2043131E5C7BAD00E8FDCA /* shared */ = {
			isa = PBXGroup;
			children = (
				BA20430B1E5C571100E8FDCA /* Info.plist */,
				BA20430C1E5C571100E8FDCA /* LaunchScreen.storyboard */,
				BA20430A1E5C571100E8FDCA /* Assets.xcassets */,
				BA20432D1E5C81AD00E8FDCA /* AppDelegate.swift */,
				BA2043141E5C7BDC00E8FDCA /* Layout.swift */,
				BA20433D1E5C8A7000E8FDCA /* Math.swift */,
			);
			path = shared;
			sourceTree = "<group>";
		};
		BA20432C1E5C81AD00E8FDCA /* bonfire */ = {
			isa = PBXGroup;
			children = (
				BA20432E1E5C81AD00E8FDCA /* ViewController.swift */,
				BA2043371E5C840600E8FDCA /* Particle.swift */,
				BA20433B1E5C86CF00E8FDCA /* Emitter.swift */,
			);
			path = bonfire;
			sourceTree = "<group>";
		};
		BA3F894F1E5341FD00FBAB7D /* test */ = {
			isa = PBXGroup;
			children = (
				BA150F961E53B838009A14E3 /* animTests.swift */,
				BA150F971E53B838009A14E3 /* Info.plist */,
			);
			path = test;
			sourceTree = "<group>";
		};
		BA3FC9FF1E4B262F0095BE41 = {
			isa = PBXGroup;
			children = (
				BA3FCA231E4B26430095BE41 /* src */,
				BA3FCA0B1E4B262F0095BE41 /* anim */,
				BA2043071E5C56E400E8FDCA /* examples */,
				BA3F894F1E5341FD00FBAB7D /* test */,
				BA3FCA0A1E4B262F0095BE41 /* Products */,
			);
			sourceTree = "<group>";
		};
		BA3FCA0A1E4B262F0095BE41 /* Products */ = {
			isa = PBXGroup;
			children = (
				BA3FCA091E4B262F0095BE41 /* anim.framework */,
				BA150F9E1E53B85C009A14E3 /* animTests-ios.xctest */,
				BA7057581E549F7300565309 /* anim.framework */,
				BA70579E1E54EC7600565309 /* animTests-macos.xctest */,
				BA656D701E5726EF006A8221 /* anim.framework */,
				BA656D9C1E57576F006A8221 /* animTests-tvos.xctest */,
				BA2042F31E5C404700E8FDCA /* example-circle-menu.app */,
				BA20431A1E5C80EB00E8FDCA /* example-bonfire.app */,
			);
			name = Products;
			sourceTree = "<group>";
		};
		BA3FCA0B1E4B262F0095BE41 /* anim */ = {
			isa = PBXGroup;
			children = (
				BA3FCA0D1E4B262F0095BE41 /* Info.plist */,
				BA656D921E574E35006A8221 /* anim.h */,
				BA656D961E575728006A8221 /* animosx.h */,
			);
			path = anim;
			sourceTree = "<group>";
		};
		BA3FCA231E4B26430095BE41 /* src */ = {
			isa = PBXGroup;
			children = (
				BA3FCA241E4B26430095BE41 /* anim.swift */,
				BA7057651E54D1F600565309 /* AnimatorType.swift */,
				BA70576D1E54D76E00565309 /* Constraint.swift */,
				BA7057681E54D32A00565309 /* Animator.swift */,
				BAE19D581E53313F000A41AB /* Animator-ios.swift */,
				BA70576B1E54D37000565309 /* Animator-macos.swift */,
				BAE19D5A1E5331A0000A41AB /* Ease.swift */,
				BAE19D5C1E53329B000A41AB /* Settings.swift */,
				BA75D68A1E5B40E500755E5D /* Promise.swift */,
			);
			path = src;
			sourceTree = "<group>";
		};
/* End PBXGroup section */

/* Begin PBXHeadersBuildPhase section */
		BA3FCA061E4B262F0095BE41 /* Headers */ = {
			isa = PBXHeadersBuildPhase;
			buildActionMask = 2147483647;
			files = (
				BA656D931E574E35006A8221 /* anim.h in Headers */,
			);
			runOnlyForDeploymentPostprocessing = 0;
		};
		BA656D6D1E5726EF006A8221 /* Headers */ = {
			isa = PBXHeadersBuildPhase;
			buildActionMask = 2147483647;
			files = (
				BA656D951E574E35006A8221 /* anim.h in Headers */,
			);
			runOnlyForDeploymentPostprocessing = 0;
		};
		BA7057551E549F7300565309 /* Headers */ = {
			isa = PBXHeadersBuildPhase;
			buildActionMask = 2147483647;
			files = (
				BA656D971E575728006A8221 /* animosx.h in Headers */,
			);
			runOnlyForDeploymentPostprocessing = 0;
		};
/* End PBXHeadersBuildPhase section */

/* Begin PBXNativeTarget section */
		BA150F9D1E53B85C009A14E3 /* animTests-ios */ = {
			isa = PBXNativeTarget;
			buildConfigurationList = BA150FA61E53B85C009A14E3 /* Build configuration list for PBXNativeTarget "animTests-ios" */;
			buildPhases = (
				BA150F9A1E53B85C009A14E3 /* Sources */,
				BA150F9B1E53B85C009A14E3 /* Frameworks */,
				BA150F9C1E53B85C009A14E3 /* Resources */,
			);
			buildRules = (
			);
			dependencies = (
			);
			name = "animTests-ios";
			productName = animTests;
			productReference = BA150F9E1E53B85C009A14E3 /* animTests-ios.xctest */;
			productType = "com.apple.product-type.bundle.unit-test";
		};
		BA2042F21E5C404700E8FDCA /* example-circle-menu */ = {
			isa = PBXNativeTarget;
			buildConfigurationList = BA2043041E5C404700E8FDCA /* Build configuration list for PBXNativeTarget "example-circle-menu" */;
			buildPhases = (
				BA2042EF1E5C404700E8FDCA /* Sources */,
				BA2042F01E5C404700E8FDCA /* Frameworks */,
				BA2042F11E5C404700E8FDCA /* Resources */,
			);
			buildRules = (
			);
			dependencies = (
			);
			name = "example-circle-menu";
			productName = "example-circle-menu";
			productReference = BA2042F31E5C404700E8FDCA /* example-circle-menu.app */;
			productType = "com.apple.product-type.application";
		};
		BA2043191E5C80EB00E8FDCA /* example-bonfire */ = {
			isa = PBXNativeTarget;
			buildConfigurationList = BA2043291E5C80EB00E8FDCA /* Build configuration list for PBXNativeTarget "example-bonfire" */;
			buildPhases = (
				BA2043161E5C80EB00E8FDCA /* Sources */,
				BA2043171E5C80EB00E8FDCA /* Frameworks */,
				BA2043181E5C80EB00E8FDCA /* Resources */,
			);
			buildRules = (
			);
			dependencies = (
				BA20433A1E5C84E800E8FDCA /* PBXTargetDependency */,
			);
			name = "example-bonfire";
			productName = "example-bonfire";
			productReference = BA20431A1E5C80EB00E8FDCA /* example-bonfire.app */;
			productType = "com.apple.product-type.application";
		};
		BA3FCA081E4B262F0095BE41 /* anim-ios */ = {
			isa = PBXNativeTarget;
			buildConfigurationList = BA3FCA1D1E4B262F0095BE41 /* Build configuration list for PBXNativeTarget "anim-ios" */;
			buildPhases = (
				BA3FCA041E4B262F0095BE41 /* Sources */,
				BA3FCA051E4B262F0095BE41 /* Frameworks */,
				BA3FCA061E4B262F0095BE41 /* Headers */,
				BA3FCA071E4B262F0095BE41 /* Resources */,
			);
			buildRules = (
			);
			dependencies = (
			);
			name = "anim-ios";
			productName = anim;
			productReference = BA3FCA091E4B262F0095BE41 /* anim.framework */;
			productType = "com.apple.product-type.framework";
		};
		BA656D6F1E5726EF006A8221 /* anim-tvos */ = {
			isa = PBXNativeTarget;
			buildConfigurationList = BA656D771E5726F0006A8221 /* Build configuration list for PBXNativeTarget "anim-tvos" */;
			buildPhases = (
				BA656D6B1E5726EF006A8221 /* Sources */,
				BA656D6C1E5726EF006A8221 /* Frameworks */,
				BA656D6D1E5726EF006A8221 /* Headers */,
				BA656D6E1E5726EF006A8221 /* Resources */,
			);
			buildRules = (
			);
			dependencies = (
			);
			name = "anim-tvos";
			productName = "anim-tvos";
			productReference = BA656D701E5726EF006A8221 /* anim.framework */;
			productType = "com.apple.product-type.framework";
		};
		BA656D9B1E57576F006A8221 /* animTests-tvos */ = {
			isa = PBXNativeTarget;
			buildConfigurationList = BA656DA41E57576F006A8221 /* Build configuration list for PBXNativeTarget "animTests-tvos" */;
			buildPhases = (
				BA656D981E57576F006A8221 /* Sources */,
				BA656D991E57576F006A8221 /* Frameworks */,
				BA656D9A1E57576F006A8221 /* Resources */,
			);
			buildRules = (
			);
			dependencies = (
			);
			name = "animTests-tvos";
			productName = "animTests-tvos";
			productReference = BA656D9C1E57576F006A8221 /* animTests-tvos.xctest */;
			productType = "com.apple.product-type.bundle.unit-test";
		};
		BA7057571E549F7300565309 /* anim-macos */ = {
			isa = PBXNativeTarget;
			buildConfigurationList = BA70575F1E549F7300565309 /* Build configuration list for PBXNativeTarget "anim-macos" */;
			buildPhases = (
				BA7057531E549F7300565309 /* Sources */,
				BA7057541E549F7300565309 /* Frameworks */,
				BA7057551E549F7300565309 /* Headers */,
				BA7057561E549F7300565309 /* Resources */,
			);
			buildRules = (
			);
			dependencies = (
			);
			name = "anim-macos";
			productName = "anim-macosx";
			productReference = BA7057581E549F7300565309 /* anim.framework */;
			productType = "com.apple.product-type.framework";
		};
		BA70579D1E54EC7600565309 /* animTests-macos */ = {
			isa = PBXNativeTarget;
			buildConfigurationList = BA7057A61E54EC7600565309 /* Build configuration list for PBXNativeTarget "animTests-macos" */;
			buildPhases = (
				BA70579A1E54EC7600565309 /* Sources */,
				BA70579B1E54EC7600565309 /* Frameworks */,
				BA70579C1E54EC7600565309 /* Resources */,
			);
			buildRules = (
			);
			dependencies = (
			);
			name = "animTests-macos";
			productName = "animTests-macosx";
			productReference = BA70579E1E54EC7600565309 /* animTests-macos.xctest */;
			productType = "com.apple.product-type.bundle.unit-test";
		};
/* End PBXNativeTarget section */

/* Begin PBXProject section */
		BA3FCA001E4B262F0095BE41 /* Project object */ = {
			isa = PBXProject;
			attributes = {
				LastSwiftUpdateCheck = 0820;
				LastUpgradeCheck = 0820;
				ORGANIZATIONNAME = "Onur Ersel";
				TargetAttributes = {
					BA150F9D1E53B85C009A14E3 = {
						CreatedOnToolsVersion = 8.2.1;
						DevelopmentTeam = SC8T7A8Q3S;
						ProvisioningStyle = Automatic;
					};
					BA2042F21E5C404700E8FDCA = {
						CreatedOnToolsVersion = 8.2.1;
						DevelopmentTeam = SC8T7A8Q3S;
						LastSwiftMigration = 0820;
						ProvisioningStyle = Automatic;
					};
					BA2043191E5C80EB00E8FDCA = {
						CreatedOnToolsVersion = 8.2.1;
						DevelopmentTeam = SC8T7A8Q3S;
						ProvisioningStyle = Automatic;
					};
					BA3FCA081E4B262F0095BE41 = {
						CreatedOnToolsVersion = 8.2.1;
						DevelopmentTeam = SC8T7A8Q3S;
						ProvisioningStyle = Automatic;
					};
					BA656D6F1E5726EF006A8221 = {
						CreatedOnToolsVersion = 8.2.1;
						DevelopmentTeam = SC8T7A8Q3S;
						ProvisioningStyle = Automatic;
					};
					BA656D9B1E57576F006A8221 = {
						CreatedOnToolsVersion = 8.2.1;
						DevelopmentTeam = SC8T7A8Q3S;
						ProvisioningStyle = Automatic;
					};
					BA7057571E549F7300565309 = {
						CreatedOnToolsVersion = 8.2.1;
						DevelopmentTeam = SC8T7A8Q3S;
						ProvisioningStyle = Automatic;
					};
					BA70579D1E54EC7600565309 = {
						CreatedOnToolsVersion = 8.2.1;
						DevelopmentTeam = SC8T7A8Q3S;
						ProvisioningStyle = Automatic;
					};
				};
			};
			buildConfigurationList = BA3FCA031E4B262F0095BE41 /* Build configuration list for PBXProject "anim" */;
			compatibilityVersion = "Xcode 3.2";
			developmentRegion = English;
			hasScannedForEncodings = 0;
			knownRegions = (
				en,
				Base,
			);
			mainGroup = BA3FC9FF1E4B262F0095BE41;
			productRefGroup = BA3FCA0A1E4B262F0095BE41 /* Products */;
			projectDirPath = "";
			projectRoot = "";
			targets = (
				BA3FCA081E4B262F0095BE41 /* anim-ios */,
				BA7057571E549F7300565309 /* anim-macos */,
				BA656D6F1E5726EF006A8221 /* anim-tvos */,
				BA150F9D1E53B85C009A14E3 /* animTests-ios */,
				BA70579D1E54EC7600565309 /* animTests-macos */,
				BA656D9B1E57576F006A8221 /* animTests-tvos */,
				BA2043191E5C80EB00E8FDCA /* example-bonfire */,
				BA2042F21E5C404700E8FDCA /* example-circle-menu */,
			);
		};
/* End PBXProject section */

/* Begin PBXResourcesBuildPhase section */
		BA150F9C1E53B85C009A14E3 /* Resources */ = {
			isa = PBXResourcesBuildPhase;
			buildActionMask = 2147483647;
			files = (
			);
			runOnlyForDeploymentPostprocessing = 0;
		};
		BA2042F11E5C404700E8FDCA /* Resources */ = {
			isa = PBXResourcesBuildPhase;
			buildActionMask = 2147483647;
			files = (
				BA2043111E5C571100E8FDCA /* LaunchScreen.storyboard in Resources */,
				BA2043101E5C571100E8FDCA /* Info.plist in Resources */,
				BA20430F1E5C571100E8FDCA /* Assets.xcassets in Resources */,
			);
			runOnlyForDeploymentPostprocessing = 0;
		};
		BA2043181E5C80EB00E8FDCA /* Resources */ = {
			isa = PBXResourcesBuildPhase;
			buildActionMask = 2147483647;
			files = (
				BA2043331E5C829600E8FDCA /* Info.plist in Resources */,
				BA2043341E5C829700E8FDCA /* LaunchScreen.storyboard in Resources */,
				BA2043351E5C829900E8FDCA /* Assets.xcassets in Resources */,
			);
			runOnlyForDeploymentPostprocessing = 0;
		};
		BA3FCA071E4B262F0095BE41 /* Resources */ = {
			isa = PBXResourcesBuildPhase;
			buildActionMask = 2147483647;
			files = (
			);
			runOnlyForDeploymentPostprocessing = 0;
		};
		BA656D6E1E5726EF006A8221 /* Resources */ = {
			isa = PBXResourcesBuildPhase;
			buildActionMask = 2147483647;
			files = (
			);
			runOnlyForDeploymentPostprocessing = 0;
		};
		BA656D9A1E57576F006A8221 /* Resources */ = {
			isa = PBXResourcesBuildPhase;
			buildActionMask = 2147483647;
			files = (
			);
			runOnlyForDeploymentPostprocessing = 0;
		};
		BA7057561E549F7300565309 /* Resources */ = {
			isa = PBXResourcesBuildPhase;
			buildActionMask = 2147483647;
			files = (
			);
			runOnlyForDeploymentPostprocessing = 0;
		};
		BA70579C1E54EC7600565309 /* Resources */ = {
			isa = PBXResourcesBuildPhase;
			buildActionMask = 2147483647;
			files = (
			);
			runOnlyForDeploymentPostprocessing = 0;
		};
/* End PBXResourcesBuildPhase section */

/* Begin PBXSourcesBuildPhase section */
		BA150F9A1E53B85C009A14E3 /* Sources */ = {
			isa = PBXSourcesBuildPhase;
			buildActionMask = 2147483647;
			files = (
				BA150FA91E53B870009A14E3 /* animTests.swift in Sources */,
			);
			runOnlyForDeploymentPostprocessing = 0;
		};
		BA2042EF1E5C404700E8FDCA /* Sources */ = {
			isa = PBXSourcesBuildPhase;
			buildActionMask = 2147483647;
			files = (
				BA2043361E5C831300E8FDCA /* AppDelegate.swift in Sources */,
				BA2043121E5C571100E8FDCA /* ViewController.swift in Sources */,
				BA2043151E5C7BDC00E8FDCA /* Layout.swift in Sources */,
				BA20433F1E5C8A7000E8FDCA /* Math.swift in Sources */,
			);
			runOnlyForDeploymentPostprocessing = 0;
		};
		BA2043161E5C80EB00E8FDCA /* Sources */ = {
			isa = PBXSourcesBuildPhase;
			buildActionMask = 2147483647;
			files = (
				BA2043301E5C81AD00E8FDCA /* ViewController.swift in Sources */,
				BA2043381E5C840600E8FDCA /* Particle.swift in Sources */,
				BA20432F1E5C81AD00E8FDCA /* AppDelegate.swift in Sources */,
				BA20433C1E5C86CF00E8FDCA /* Emitter.swift in Sources */,
				BA2043311E5C81C000E8FDCA /* Layout.swift in Sources */,
				BA20433E1E5C8A7000E8FDCA /* Math.swift in Sources */,
			);
			runOnlyForDeploymentPostprocessing = 0;
		};
		BA3FCA041E4B262F0095BE41 /* Sources */ = {
			isa = PBXSourcesBuildPhase;
			buildActionMask = 2147483647;
			files = (
				BA7057691E54D32A00565309 /* Animator.swift in Sources */,
				BA7057661E54D1F600565309 /* AnimatorType.swift in Sources */,
				BA70576E1E54D76E00565309 /* Constraint.swift in Sources */,
				BAE19D591E53313F000A41AB /* Animator-ios.swift in Sources */,
				BA3FCA251E4B26430095BE41 /* anim.swift in Sources */,
				BAE19D5B1E5331A0000A41AB /* Ease.swift in Sources */,
				BAE19D5D1E53329B000A41AB /* Settings.swift in Sources */,
				BA75D68B1E5B40E500755E5D /* Promise.swift in Sources */,
			);
			runOnlyForDeploymentPostprocessing = 0;
		};
		BA656D6B1E5726EF006A8221 /* Sources */ = {
			isa = PBXSourcesBuildPhase;
			buildActionMask = 2147483647;
			files = (
				BA656DAB1E575883006A8221 /* Animator.swift in Sources */,
				BA656DAA1E575883006A8221 /* Constraint.swift in Sources */,
				BA656DA91E575883006A8221 /* AnimatorType.swift in Sources */,
				BA656DA81E575883006A8221 /* anim.swift in Sources */,
				BA656DAE1E575883006A8221 /* Settings.swift in Sources */,
				BA656DAC1E575883006A8221 /* Animator-ios.swift in Sources */,
				BA656DAD1E575883006A8221 /* Ease.swift in Sources */,
				BA75D68D1E5B40E500755E5D /* Promise.swift in Sources */,
			);
			runOnlyForDeploymentPostprocessing = 0;
		};
		BA656D981E57576F006A8221 /* Sources */ = {
			isa = PBXSourcesBuildPhase;
			buildActionMask = 2147483647;
			files = (
				BA656DA71E5757A6006A8221 /* animTests.swift in Sources */,
			);
			runOnlyForDeploymentPostprocessing = 0;
		};
		BA7057531E549F7300565309 /* Sources */ = {
			isa = PBXSourcesBuildPhase;
			buildActionMask = 2147483647;
			files = (
				BA70576A1E54D32A00565309 /* Animator.swift in Sources */,
				BA7057671E54D1F600565309 /* AnimatorType.swift in Sources */,
				BA70576F1E54D76E00565309 /* Constraint.swift in Sources */,
				BA7057601E549FA100565309 /* anim.swift in Sources */,
				BA7057631E549FA100565309 /* Ease.swift in Sources */,
				BA70576C1E54D37000565309 /* Animator-macos.swift in Sources */,
				BA7057641E549FA100565309 /* Settings.swift in Sources */,
				BA75D68C1E5B40E500755E5D /* Promise.swift in Sources */,
			);
			runOnlyForDeploymentPostprocessing = 0;
		};
		BA70579A1E54EC7600565309 /* Sources */ = {
			isa = PBXSourcesBuildPhase;
			buildActionMask = 2147483647;
			files = (
				BA7057AA1E54ECDD00565309 /* animTests.swift in Sources */,
			);
			runOnlyForDeploymentPostprocessing = 0;
		};
/* End PBXSourcesBuildPhase section */

/* Begin PBXTargetDependency section */
		BA20433A1E5C84E800E8FDCA /* PBXTargetDependency */ = {
			isa = PBXTargetDependency;
			target = BA3FCA081E4B262F0095BE41 /* anim-ios */;
			targetProxy = BA2043391E5C84E800E8FDCA /* PBXContainerItemProxy */;
		};
/* End PBXTargetDependency section */

/* Begin XCBuildConfiguration section */
		BA150FA71E53B85C009A14E3 /* Debug */ = {
			isa = XCBuildConfiguration;
			buildSettings = {
				DEVELOPMENT_TEAM = SC8T7A8Q3S;
				INFOPLIST_FILE = test/Info.plist;
				IPHONEOS_DEPLOYMENT_TARGET = 8.0;
				LD_RUNPATH_SEARCH_PATHS = "$(inherited) @executable_path/Frameworks @loader_path/Frameworks";
				MACOSX_DEPLOYMENT_TARGET = 10.9;
				PRODUCT_BUNDLE_IDENTIFIER = com.onurersel.animTests;
				PRODUCT_NAME = "$(TARGET_NAME)";
				SWIFT_VERSION = 3.0;
			};
			name = Debug;
		};
		BA150FA81E53B85C009A14E3 /* Release */ = {
			isa = XCBuildConfiguration;
			buildSettings = {
				DEVELOPMENT_TEAM = SC8T7A8Q3S;
				INFOPLIST_FILE = test/Info.plist;
				IPHONEOS_DEPLOYMENT_TARGET = 8.0;
				LD_RUNPATH_SEARCH_PATHS = "$(inherited) @executable_path/Frameworks @loader_path/Frameworks";
				MACOSX_DEPLOYMENT_TARGET = 10.9;
				PRODUCT_BUNDLE_IDENTIFIER = com.onurersel.animTests;
				PRODUCT_NAME = "$(TARGET_NAME)";
				SWIFT_VERSION = 3.0;
			};
			name = Release;
		};
		BA2043021E5C404700E8FDCA /* Debug */ = {
			isa = XCBuildConfiguration;
			buildSettings = {
				ASSETCATALOG_COMPILER_APPICON_NAME = AppIcon;
				CLANG_ENABLE_MODULES = YES;
				DEVELOPMENT_TEAM = SC8T7A8Q3S;
				INFOPLIST_FILE = examples/shared/Info.plist;
				IPHONEOS_DEPLOYMENT_TARGET = 10.2;
				LD_RUNPATH_SEARCH_PATHS = "$(inherited) @executable_path/Frameworks";
				PRODUCT_BUNDLE_IDENTIFIER = "com.onurersel.example-circle-menu";
				PRODUCT_NAME = "$(TARGET_NAME)";
				SWIFT_OPTIMIZATION_LEVEL = "-Onone";
				SWIFT_VERSION = 3.0;
			};
			name = Debug;
		};
		BA2043031E5C404700E8FDCA /* Release */ = {
			isa = XCBuildConfiguration;
			buildSettings = {
				ASSETCATALOG_COMPILER_APPICON_NAME = AppIcon;
				CLANG_ENABLE_MODULES = YES;
				DEVELOPMENT_TEAM = SC8T7A8Q3S;
				INFOPLIST_FILE = examples/shared/Info.plist;
				IPHONEOS_DEPLOYMENT_TARGET = 10.2;
				LD_RUNPATH_SEARCH_PATHS = "$(inherited) @executable_path/Frameworks";
				PRODUCT_BUNDLE_IDENTIFIER = "com.onurersel.example-circle-menu";
				PRODUCT_NAME = "$(TARGET_NAME)";
				SWIFT_VERSION = 3.0;
			};
			name = Release;
		};
		BA20432A1E5C80EB00E8FDCA /* Debug */ = {
			isa = XCBuildConfiguration;
			buildSettings = {
				ASSETCATALOG_COMPILER_APPICON_NAME = AppIcon;
				DEVELOPMENT_TEAM = SC8T7A8Q3S;
				INFOPLIST_FILE = "$(SRCROOT)/examples/shared/Info.plist";
				IPHONEOS_DEPLOYMENT_TARGET = 10.2;
				LD_RUNPATH_SEARCH_PATHS = "$(inherited) @executable_path/Frameworks";
				PRODUCT_BUNDLE_IDENTIFIER = "com.onurersel.example-bonfire";
				PRODUCT_NAME = "$(TARGET_NAME)";
				SWIFT_VERSION = 3.0;
			};
			name = Debug;
		};
		BA20432B1E5C80EB00E8FDCA /* Release */ = {
			isa = XCBuildConfiguration;
			buildSettings = {
				ASSETCATALOG_COMPILER_APPICON_NAME = AppIcon;
				DEVELOPMENT_TEAM = SC8T7A8Q3S;
				INFOPLIST_FILE = "$(SRCROOT)/examples/shared/Info.plist";
				IPHONEOS_DEPLOYMENT_TARGET = 10.2;
				LD_RUNPATH_SEARCH_PATHS = "$(inherited) @executable_path/Frameworks";
				PRODUCT_BUNDLE_IDENTIFIER = "com.onurersel.example-bonfire";
				PRODUCT_NAME = "$(TARGET_NAME)";
				SWIFT_VERSION = 3.0;
			};
			name = Release;
		};
		BA3FCA1B1E4B262F0095BE41 /* Debug */ = {
			isa = XCBuildConfiguration;
			buildSettings = {
				ALWAYS_SEARCH_USER_PATHS = NO;
				CLANG_ANALYZER_NONNULL = YES;
				CLANG_CXX_LANGUAGE_STANDARD = "gnu++0x";
				CLANG_CXX_LIBRARY = "libc++";
				CLANG_ENABLE_MODULES = YES;
				CLANG_ENABLE_OBJC_ARC = YES;
				CLANG_WARN_BOOL_CONVERSION = YES;
				CLANG_WARN_CONSTANT_CONVERSION = YES;
				CLANG_WARN_DIRECT_OBJC_ISA_USAGE = YES_ERROR;
				CLANG_WARN_DOCUMENTATION_COMMENTS = YES;
				CLANG_WARN_EMPTY_BODY = YES;
				CLANG_WARN_ENUM_CONVERSION = YES;
				CLANG_WARN_INFINITE_RECURSION = YES;
				CLANG_WARN_INT_CONVERSION = YES;
				CLANG_WARN_OBJC_ROOT_CLASS = YES_ERROR;
				CLANG_WARN_SUSPICIOUS_MOVE = YES;
				CLANG_WARN_UNREACHABLE_CODE = YES;
				CLANG_WARN__DUPLICATE_METHOD_MATCH = YES;
				"CODE_SIGN_IDENTITY[sdk=iphoneos*]" = "iPhone Developer";
				COPY_PHASE_STRIP = NO;
				CURRENT_PROJECT_VERSION = 1;
				DEBUG_INFORMATION_FORMAT = dwarf;
				ENABLE_STRICT_OBJC_MSGSEND = YES;
				ENABLE_TESTABILITY = YES;
				GCC_C_LANGUAGE_STANDARD = gnu99;
				GCC_DYNAMIC_NO_PIC = NO;
				GCC_NO_COMMON_BLOCKS = YES;
				GCC_OPTIMIZATION_LEVEL = 0;
				GCC_PREPROCESSOR_DEFINITIONS = (
					"DEBUG=1",
					"$(inherited)",
				);
				GCC_WARN_64_TO_32_BIT_CONVERSION = YES;
				GCC_WARN_ABOUT_RETURN_TYPE = YES_ERROR;
				GCC_WARN_UNDECLARED_SELECTOR = YES;
				GCC_WARN_UNINITIALIZED_AUTOS = YES_AGGRESSIVE;
				GCC_WARN_UNUSED_FUNCTION = YES;
				GCC_WARN_UNUSED_VARIABLE = YES;
				IPHONEOS_DEPLOYMENT_TARGET = 8.0;
				MTL_ENABLE_DEBUG_INFO = YES;
				ONLY_ACTIVE_ARCH = YES;
				SDKROOT = iphoneos;
				SWIFT_ACTIVE_COMPILATION_CONDITIONS = DEBUG;
				SWIFT_OPTIMIZATION_LEVEL = "-Onone";
				TARGETED_DEVICE_FAMILY = "1,2";
				VERSIONING_SYSTEM = "apple-generic";
				VERSION_INFO_PREFIX = "";
			};
			name = Debug;
		};
		BA3FCA1C1E4B262F0095BE41 /* Release */ = {
			isa = XCBuildConfiguration;
			buildSettings = {
				ALWAYS_SEARCH_USER_PATHS = NO;
				CLANG_ANALYZER_NONNULL = YES;
				CLANG_CXX_LANGUAGE_STANDARD = "gnu++0x";
				CLANG_CXX_LIBRARY = "libc++";
				CLANG_ENABLE_MODULES = YES;
				CLANG_ENABLE_OBJC_ARC = YES;
				CLANG_WARN_BOOL_CONVERSION = YES;
				CLANG_WARN_CONSTANT_CONVERSION = YES;
				CLANG_WARN_DIRECT_OBJC_ISA_USAGE = YES_ERROR;
				CLANG_WARN_DOCUMENTATION_COMMENTS = YES;
				CLANG_WARN_EMPTY_BODY = YES;
				CLANG_WARN_ENUM_CONVERSION = YES;
				CLANG_WARN_INFINITE_RECURSION = YES;
				CLANG_WARN_INT_CONVERSION = YES;
				CLANG_WARN_OBJC_ROOT_CLASS = YES_ERROR;
				CLANG_WARN_SUSPICIOUS_MOVE = YES;
				CLANG_WARN_UNREACHABLE_CODE = YES;
				CLANG_WARN__DUPLICATE_METHOD_MATCH = YES;
				"CODE_SIGN_IDENTITY[sdk=iphoneos*]" = "iPhone Developer";
				COPY_PHASE_STRIP = NO;
				CURRENT_PROJECT_VERSION = 1;
				DEBUG_INFORMATION_FORMAT = "dwarf-with-dsym";
				ENABLE_NS_ASSERTIONS = NO;
				ENABLE_STRICT_OBJC_MSGSEND = YES;
				GCC_C_LANGUAGE_STANDARD = gnu99;
				GCC_NO_COMMON_BLOCKS = YES;
				GCC_WARN_64_TO_32_BIT_CONVERSION = YES;
				GCC_WARN_ABOUT_RETURN_TYPE = YES_ERROR;
				GCC_WARN_UNDECLARED_SELECTOR = YES;
				GCC_WARN_UNINITIALIZED_AUTOS = YES_AGGRESSIVE;
				GCC_WARN_UNUSED_FUNCTION = YES;
				GCC_WARN_UNUSED_VARIABLE = YES;
				IPHONEOS_DEPLOYMENT_TARGET = 8.0;
				MTL_ENABLE_DEBUG_INFO = NO;
				SDKROOT = iphoneos;
				SWIFT_OPTIMIZATION_LEVEL = "-Owholemodule";
				TARGETED_DEVICE_FAMILY = "1,2";
				VALIDATE_PRODUCT = YES;
				VERSIONING_SYSTEM = "apple-generic";
				VERSION_INFO_PREFIX = "";
			};
			name = Release;
		};
		BA3FCA1E1E4B262F0095BE41 /* Debug */ = {
			isa = XCBuildConfiguration;
			buildSettings = {
				CODE_SIGN_IDENTITY = "";
				DEFINES_MODULE = YES;
				DEVELOPMENT_TEAM = SC8T7A8Q3S;
				DYLIB_COMPATIBILITY_VERSION = 1;
				DYLIB_CURRENT_VERSION = 1;
				DYLIB_INSTALL_NAME_BASE = "@rpath";
				INFOPLIST_FILE = anim/Info.plist;
				INSTALL_PATH = "$(LOCAL_LIBRARY_DIR)/Frameworks";
				LD_RUNPATH_SEARCH_PATHS = "$(inherited) @executable_path/Frameworks @loader_path/Frameworks";
				PRODUCT_BUNDLE_IDENTIFIER = "com.onurersel.anim-ios";
				PRODUCT_NAME = anim;
				SKIP_INSTALL = YES;
				SWIFT_VERSION = 3.0;
				TARGETED_DEVICE_FAMILY = "1,2";
			};
			name = Debug;
		};
		BA3FCA1F1E4B262F0095BE41 /* Release */ = {
			isa = XCBuildConfiguration;
			buildSettings = {
				CODE_SIGN_IDENTITY = "";
				DEFINES_MODULE = YES;
				DEVELOPMENT_TEAM = SC8T7A8Q3S;
				DYLIB_COMPATIBILITY_VERSION = 1;
				DYLIB_CURRENT_VERSION = 1;
				DYLIB_INSTALL_NAME_BASE = "@rpath";
				INFOPLIST_FILE = anim/Info.plist;
				INSTALL_PATH = "$(LOCAL_LIBRARY_DIR)/Frameworks";
				LD_RUNPATH_SEARCH_PATHS = "$(inherited) @executable_path/Frameworks @loader_path/Frameworks";
				PRODUCT_BUNDLE_IDENTIFIER = "com.onurersel.anim-ios";
				PRODUCT_NAME = anim;
				SKIP_INSTALL = YES;
				SWIFT_VERSION = 3.0;
				TARGETED_DEVICE_FAMILY = "1,2";
			};
			name = Release;
		};
		BA656D751E5726F0006A8221 /* Debug */ = {
			isa = XCBuildConfiguration;
			buildSettings = {
				CODE_SIGN_IDENTITY = "";
				DEFINES_MODULE = YES;
				DEVELOPMENT_TEAM = SC8T7A8Q3S;
				DYLIB_COMPATIBILITY_VERSION = 1;
				DYLIB_CURRENT_VERSION = 1;
				DYLIB_INSTALL_NAME_BASE = "@rpath";
				INFOPLIST_FILE = anim/Info.plist;
				INSTALL_PATH = "$(LOCAL_LIBRARY_DIR)/Frameworks";
				LD_RUNPATH_SEARCH_PATHS = "$(inherited) @executable_path/Frameworks @loader_path/Frameworks";
				PRODUCT_BUNDLE_IDENTIFIER = "com.onurersel.anim-tvos";
				PRODUCT_NAME = anim;
				SDKROOT = appletvos;
				SKIP_INSTALL = YES;
				SWIFT_VERSION = 3.0;
				TARGETED_DEVICE_FAMILY = 3;
				TVOS_DEPLOYMENT_TARGET = 10.1;
			};
			name = Debug;
		};
		BA656D761E5726F0006A8221 /* Release */ = {
			isa = XCBuildConfiguration;
			buildSettings = {
				CODE_SIGN_IDENTITY = "";
				DEFINES_MODULE = YES;
				DEVELOPMENT_TEAM = SC8T7A8Q3S;
				DYLIB_COMPATIBILITY_VERSION = 1;
				DYLIB_CURRENT_VERSION = 1;
				DYLIB_INSTALL_NAME_BASE = "@rpath";
				INFOPLIST_FILE = anim/Info.plist;
				INSTALL_PATH = "$(LOCAL_LIBRARY_DIR)/Frameworks";
				LD_RUNPATH_SEARCH_PATHS = "$(inherited) @executable_path/Frameworks @loader_path/Frameworks";
				PRODUCT_BUNDLE_IDENTIFIER = "com.onurersel.anim-tvos";
				PRODUCT_NAME = anim;
				SDKROOT = appletvos;
				SKIP_INSTALL = YES;
				SWIFT_VERSION = 3.0;
				TARGETED_DEVICE_FAMILY = 3;
				TVOS_DEPLOYMENT_TARGET = 10.1;
			};
			name = Release;
		};
		BA656DA51E57576F006A8221 /* Debug */ = {
			isa = XCBuildConfiguration;
			buildSettings = {
				DEVELOPMENT_TEAM = SC8T7A8Q3S;
				INFOPLIST_FILE = test/Info.plist;
				LD_RUNPATH_SEARCH_PATHS = "$(inherited) @executable_path/Frameworks @loader_path/Frameworks";
				PRODUCT_BUNDLE_IDENTIFIER = "com.onurersel.animTests-tvos";
				PRODUCT_NAME = "$(TARGET_NAME)";
				SDKROOT = appletvos;
				SWIFT_VERSION = 3.0;
				TVOS_DEPLOYMENT_TARGET = 10.1;
			};
			name = Debug;
		};
		BA656DA61E57576F006A8221 /* Release */ = {
			isa = XCBuildConfiguration;
			buildSettings = {
				DEVELOPMENT_TEAM = SC8T7A8Q3S;
				INFOPLIST_FILE = test/Info.plist;
				LD_RUNPATH_SEARCH_PATHS = "$(inherited) @executable_path/Frameworks @loader_path/Frameworks";
				PRODUCT_BUNDLE_IDENTIFIER = "com.onurersel.animTests-tvos";
				PRODUCT_NAME = "$(TARGET_NAME)";
				SDKROOT = appletvos;
				SWIFT_VERSION = 3.0;
				TVOS_DEPLOYMENT_TARGET = 10.1;
			};
			name = Release;
		};
		BA70575D1E549F7300565309 /* Debug */ = {
			isa = XCBuildConfiguration;
			buildSettings = {
				CODE_SIGN_IDENTITY = "-";
				COMBINE_HIDPI_IMAGES = YES;
				DEFINES_MODULE = YES;
				DEVELOPMENT_TEAM = SC8T7A8Q3S;
				DYLIB_COMPATIBILITY_VERSION = 1;
				DYLIB_CURRENT_VERSION = 1;
				DYLIB_INSTALL_NAME_BASE = "@rpath";
				FRAMEWORK_VERSION = A;
				INFOPLIST_FILE = anim/Info.plist;
				INSTALL_PATH = "$(LOCAL_LIBRARY_DIR)/Frameworks";
				LD_RUNPATH_SEARCH_PATHS = "$(inherited) @executable_path/../Frameworks @loader_path/Frameworks";
				PRODUCT_BUNDLE_IDENTIFIER = "com.onurersel.anim-macosx";
				PRODUCT_NAME = anim;
				SDKROOT = macosx;
				SKIP_INSTALL = YES;
				SWIFT_VERSION = 3.0;
			};
			name = Debug;
		};
		BA70575E1E549F7300565309 /* Release */ = {
			isa = XCBuildConfiguration;
			buildSettings = {
				CODE_SIGN_IDENTITY = "-";
				COMBINE_HIDPI_IMAGES = YES;
				DEFINES_MODULE = YES;
				DEVELOPMENT_TEAM = SC8T7A8Q3S;
				DYLIB_COMPATIBILITY_VERSION = 1;
				DYLIB_CURRENT_VERSION = 1;
				DYLIB_INSTALL_NAME_BASE = "@rpath";
				FRAMEWORK_VERSION = A;
				INFOPLIST_FILE = anim/Info.plist;
				INSTALL_PATH = "$(LOCAL_LIBRARY_DIR)/Frameworks";
				LD_RUNPATH_SEARCH_PATHS = "$(inherited) @executable_path/../Frameworks @loader_path/Frameworks";
				PRODUCT_BUNDLE_IDENTIFIER = "com.onurersel.anim-macosx";
				PRODUCT_NAME = anim;
				SDKROOT = macosx;
				SKIP_INSTALL = YES;
				SWIFT_VERSION = 3.0;
			};
			name = Release;
		};
		BA7057A71E54EC7600565309 /* Debug */ = {
			isa = XCBuildConfiguration;
			buildSettings = {
				CODE_SIGN_IDENTITY = "-";
				COMBINE_HIDPI_IMAGES = YES;
				DEVELOPMENT_TEAM = SC8T7A8Q3S;
				INFOPLIST_FILE = test/Info.plist;
				LD_RUNPATH_SEARCH_PATHS = "$(inherited) @executable_path/../Frameworks @loader_path/../Frameworks";
				MACOSX_DEPLOYMENT_TARGET = 10.12;
				PRODUCT_BUNDLE_IDENTIFIER = "com.onurersel.animTests-macosx";
				PRODUCT_NAME = "$(TARGET_NAME)";
				SDKROOT = macosx;
				SWIFT_VERSION = 3.0;
			};
			name = Debug;
		};
		BA7057A81E54EC7600565309 /* Release */ = {
			isa = XCBuildConfiguration;
			buildSettings = {
				CODE_SIGN_IDENTITY = "-";
				COMBINE_HIDPI_IMAGES = YES;
				DEVELOPMENT_TEAM = SC8T7A8Q3S;
				INFOPLIST_FILE = test/Info.plist;
				LD_RUNPATH_SEARCH_PATHS = "$(inherited) @executable_path/../Frameworks @loader_path/../Frameworks";
				MACOSX_DEPLOYMENT_TARGET = 10.12;
				PRODUCT_BUNDLE_IDENTIFIER = "com.onurersel.animTests-macosx";
				PRODUCT_NAME = "$(TARGET_NAME)";
				SDKROOT = macosx;
				SWIFT_VERSION = 3.0;
			};
			name = Release;
		};
/* End XCBuildConfiguration section */

/* Begin XCConfigurationList section */
		BA150FA61E53B85C009A14E3 /* Build configuration list for PBXNativeTarget "animTests-ios" */ = {
			isa = XCConfigurationList;
			buildConfigurations = (
				BA150FA71E53B85C009A14E3 /* Debug */,
				BA150FA81E53B85C009A14E3 /* Release */,
			);
			defaultConfigurationIsVisible = 0;
			defaultConfigurationName = Release;
		};
		BA2043041E5C404700E8FDCA /* Build configuration list for PBXNativeTarget "example-circle-menu" */ = {
			isa = XCConfigurationList;
			buildConfigurations = (
				BA2043021E5C404700E8FDCA /* Debug */,
				BA2043031E5C404700E8FDCA /* Release */,
			);
			defaultConfigurationIsVisible = 0;
			defaultConfigurationName = Release;
		};
		BA2043291E5C80EB00E8FDCA /* Build configuration list for PBXNativeTarget "example-bonfire" */ = {
			isa = XCConfigurationList;
			buildConfigurations = (
				BA20432A1E5C80EB00E8FDCA /* Debug */,
				BA20432B1E5C80EB00E8FDCA /* Release */,
			);
			defaultConfigurationIsVisible = 0;
		};
		BA3FCA031E4B262F0095BE41 /* Build configuration list for PBXProject "anim" */ = {
			isa = XCConfigurationList;
			buildConfigurations = (
				BA3FCA1B1E4B262F0095BE41 /* Debug */,
				BA3FCA1C1E4B262F0095BE41 /* Release */,
			);
			defaultConfigurationIsVisible = 0;
			defaultConfigurationName = Release;
		};
		BA3FCA1D1E4B262F0095BE41 /* Build configuration list for PBXNativeTarget "anim-ios" */ = {
			isa = XCConfigurationList;
			buildConfigurations = (
				BA3FCA1E1E4B262F0095BE41 /* Debug */,
				BA3FCA1F1E4B262F0095BE41 /* Release */,
			);
			defaultConfigurationIsVisible = 0;
			defaultConfigurationName = Release;
		};
		BA656D771E5726F0006A8221 /* Build configuration list for PBXNativeTarget "anim-tvos" */ = {
			isa = XCConfigurationList;
			buildConfigurations = (
				BA656D751E5726F0006A8221 /* Debug */,
				BA656D761E5726F0006A8221 /* Release */,
			);
			defaultConfigurationIsVisible = 0;
			defaultConfigurationName = Release;
		};
		BA656DA41E57576F006A8221 /* Build configuration list for PBXNativeTarget "animTests-tvos" */ = {
			isa = XCConfigurationList;
			buildConfigurations = (
				BA656DA51E57576F006A8221 /* Debug */,
				BA656DA61E57576F006A8221 /* Release */,
			);
			defaultConfigurationIsVisible = 0;
			defaultConfigurationName = Release;
		};
		BA70575F1E549F7300565309 /* Build configuration list for PBXNativeTarget "anim-macos" */ = {
			isa = XCConfigurationList;
			buildConfigurations = (
				BA70575D1E549F7300565309 /* Debug */,
				BA70575E1E549F7300565309 /* Release */,
			);
			defaultConfigurationIsVisible = 0;
			defaultConfigurationName = Release;
		};
		BA7057A61E54EC7600565309 /* Build configuration list for PBXNativeTarget "animTests-macos" */ = {
			isa = XCConfigurationList;
			buildConfigurations = (
				BA7057A71E54EC7600565309 /* Debug */,
				BA7057A81E54EC7600565309 /* Release */,
			);
			defaultConfigurationIsVisible = 0;
			defaultConfigurationName = Release;
		};
/* End XCConfigurationList section */
	};
	rootObject = BA3FCA001E4B262F0095BE41 /* Project object */;
}
