// !$*UTF8*$!
{
	archiveVersion = 1;
	classes = {
	};
	objectVersion = 46;
	objects = {

/* Begin PBXBuildFile section */
		BA150FA91E53B870009A14E3 /* animTests.swift in Sources */ = {isa = PBXBuildFile; fileRef = BA150F961E53B838009A14E3 /* animTests.swift */; };
		BA150FAA1E53D2EB009A14E3 /* anim.framework in Frameworks */ = {isa = PBXBuildFile; fileRef = BA3FCA091E4B262F0095BE41 /* anim.framework */; };
		BA3FCA1A1E4B262F0095BE41 /* anim.h in Headers */ = {isa = PBXBuildFile; fileRef = BA3FCA0C1E4B262F0095BE41 /* anim.h */; settings = {ATTRIBUTES = (Public, ); }; };
		BA3FCA251E4B26430095BE41 /* anim.swift in Sources */ = {isa = PBXBuildFile; fileRef = BA3FCA241E4B26430095BE41 /* anim.swift */; };
		BAE19D571E532224000A41AB /* AnimatorType.swift in Sources */ = {isa = PBXBuildFile; fileRef = BAE19D561E532224000A41AB /* AnimatorType.swift */; };
		BAE19D591E53313F000A41AB /* Animator.swift in Sources */ = {isa = PBXBuildFile; fileRef = BAE19D581E53313F000A41AB /* Animator.swift */; };
		BAE19D5B1E5331A0000A41AB /* Ease.swift in Sources */ = {isa = PBXBuildFile; fileRef = BAE19D5A1E5331A0000A41AB /* Ease.swift */; };
		BAE19D5D1E53329B000A41AB /* Settings.swift in Sources */ = {isa = PBXBuildFile; fileRef = BAE19D5C1E53329B000A41AB /* Settings.swift */; };
/* End PBXBuildFile section */

/* Begin PBXFileReference section */
		BA150F961E53B838009A14E3 /* animTests.swift */ = {isa = PBXFileReference; fileEncoding = 4; lastKnownFileType = sourcecode.swift; path = animTests.swift; sourceTree = "<group>"; };
		BA150F971E53B838009A14E3 /* Info.plist */ = {isa = PBXFileReference; fileEncoding = 4; lastKnownFileType = text.plist.xml; path = Info.plist; sourceTree = "<group>"; };
		BA150F9E1E53B85C009A14E3 /* animTests.xctest */ = {isa = PBXFileReference; explicitFileType = wrapper.cfbundle; includeInIndex = 0; path = animTests.xctest; sourceTree = BUILT_PRODUCTS_DIR; };
		BA3FCA091E4B262F0095BE41 /* anim.framework */ = {isa = PBXFileReference; explicitFileType = wrapper.framework; includeInIndex = 0; path = anim.framework; sourceTree = BUILT_PRODUCTS_DIR; };
		BA3FCA0C1E4B262F0095BE41 /* anim.h */ = {isa = PBXFileReference; lastKnownFileType = sourcecode.c.h; path = anim.h; sourceTree = "<group>"; };
		BA3FCA0D1E4B262F0095BE41 /* Info.plist */ = {isa = PBXFileReference; lastKnownFileType = text.plist.xml; path = Info.plist; sourceTree = "<group>"; };
		BA3FCA241E4B26430095BE41 /* anim.swift */ = {isa = PBXFileReference; fileEncoding = 4; lastKnownFileType = sourcecode.swift; path = anim.swift; sourceTree = "<group>"; };
		BAE19D561E532224000A41AB /* AnimatorType.swift */ = {isa = PBXFileReference; fileEncoding = 4; lastKnownFileType = sourcecode.swift; path = AnimatorType.swift; sourceTree = "<group>"; };
		BAE19D581E53313F000A41AB /* Animator.swift */ = {isa = PBXFileReference; fileEncoding = 4; lastKnownFileType = sourcecode.swift; path = Animator.swift; sourceTree = "<group>"; };
		BAE19D5A1E5331A0000A41AB /* Ease.swift */ = {isa = PBXFileReference; fileEncoding = 4; lastKnownFileType = sourcecode.swift; path = Ease.swift; sourceTree = "<group>"; };
		BAE19D5C1E53329B000A41AB /* Settings.swift */ = {isa = PBXFileReference; fileEncoding = 4; lastKnownFileType = sourcecode.swift; path = Settings.swift; sourceTree = "<group>"; };
/* End PBXFileReference section */

/* Begin PBXFrameworksBuildPhase section */
		BA150F9B1E53B85C009A14E3 /* Frameworks */ = {
			isa = PBXFrameworksBuildPhase;
			buildActionMask = 2147483647;
			files = (
				BA150FAA1E53D2EB009A14E3 /* anim.framework in Frameworks */,
			);
			runOnlyForDeploymentPostprocessing = 0;
		};
		BA3FCA051E4B262F0095BE41 /* Frameworks */ = {
			isa = PBXFrameworksBuildPhase;
			buildActionMask = 2147483647;
			files = (
			);
			runOnlyForDeploymentPostprocessing = 0;
		};
/* End PBXFrameworksBuildPhase section */

/* Begin PBXGroup section */
		BA3F894F1E5341FD00FBAB7D /* test */ = {
			isa = PBXGroup;
			children = (
				BA150F961E53B838009A14E3 /* animTests.swift */,
				BA150F971E53B838009A14E3 /* Info.plist */,
			);
			path = test;
			sourceTree = "<group>";
		};
		BA3FC9FF1E4B262F0095BE41 = {
			isa = PBXGroup;
			children = (
				BA3FCA231E4B26430095BE41 /* src */,
				BA3FCA0B1E4B262F0095BE41 /* anim */,
				BA3F894F1E5341FD00FBAB7D /* test */,
				BA3FCA0A1E4B262F0095BE41 /* Products */,
			);
			sourceTree = "<group>";
		};
		BA3FCA0A1E4B262F0095BE41 /* Products */ = {
			isa = PBXGroup;
			children = (
				BA3FCA091E4B262F0095BE41 /* anim.framework */,
				BA150F9E1E53B85C009A14E3 /* animTests.xctest */,
			);
			name = Products;
			sourceTree = "<group>";
		};
		BA3FCA0B1E4B262F0095BE41 /* anim */ = {
			isa = PBXGroup;
			children = (
				BA3FCA0C1E4B262F0095BE41 /* anim.h */,
				BA3FCA0D1E4B262F0095BE41 /* Info.plist */,
			);
			path = anim;
			sourceTree = "<group>";
		};
		BA3FCA231E4B26430095BE41 /* src */ = {
			isa = PBXGroup;
			children = (
				BA3FCA241E4B26430095BE41 /* anim.swift */,
				BAE19D561E532224000A41AB /* AnimatorType.swift */,
				BAE19D581E53313F000A41AB /* Animator.swift */,
				BAE19D5A1E5331A0000A41AB /* Ease.swift */,
				BAE19D5C1E53329B000A41AB /* Settings.swift */,
			);
			path = src;
			sourceTree = "<group>";
		};
/* End PBXGroup section */

/* Begin PBXHeadersBuildPhase section */
		BA3FCA061E4B262F0095BE41 /* Headers */ = {
			isa = PBXHeadersBuildPhase;
			buildActionMask = 2147483647;
			files = (
				BA3FCA1A1E4B262F0095BE41 /* anim.h in Headers */,
			);
			runOnlyForDeploymentPostprocessing = 0;
		};
/* End PBXHeadersBuildPhase section */

/* Begin PBXNativeTarget section */
		BA150F9D1E53B85C009A14E3 /* animTests */ = {
			isa = PBXNativeTarget;
			buildConfigurationList = BA150FA61E53B85C009A14E3 /* Build configuration list for PBXNativeTarget "animTests" */;
			buildPhases = (
				BA150F9A1E53B85C009A14E3 /* Sources */,
				BA150F9B1E53B85C009A14E3 /* Frameworks */,
				BA150F9C1E53B85C009A14E3 /* Resources */,
			);
			buildRules = (
			);
			dependencies = (
			);
			name = animTests;
			productName = animTests;
			productReference = BA150F9E1E53B85C009A14E3 /* animTests.xctest */;
			productType = "com.apple.product-type.bundle.unit-test";
		};
		BA3FCA081E4B262F0095BE41 /* anim */ = {
			isa = PBXNativeTarget;
			buildConfigurationList = BA3FCA1D1E4B262F0095BE41 /* Build configuration list for PBXNativeTarget "anim" */;
			buildPhases = (
				BA3FCA041E4B262F0095BE41 /* Sources */,
				BA3FCA051E4B262F0095BE41 /* Frameworks */,
				BA3FCA061E4B262F0095BE41 /* Headers */,
				BA3FCA071E4B262F0095BE41 /* Resources */,
			);
			buildRules = (
			);
			dependencies = (
			);
			name = anim;
			productName = anim;
			productReference = BA3FCA091E4B262F0095BE41 /* anim.framework */;
			productType = "com.apple.product-type.framework";
		};
/* End PBXNativeTarget section */

/* Begin PBXProject section */
		BA3FCA001E4B262F0095BE41 /* Project object */ = {
			isa = PBXProject;
			attributes = {
				LastSwiftUpdateCheck = 0820;
				LastUpgradeCheck = 0820;
				ORGANIZATIONNAME = "Onur Ersel";
				TargetAttributes = {
					BA150F9D1E53B85C009A14E3 = {
						CreatedOnToolsVersion = 8.2.1;
						DevelopmentTeam = SC8T7A8Q3S;
						ProvisioningStyle = Automatic;
					};
					BA3FCA081E4B262F0095BE41 = {
						CreatedOnToolsVersion = 8.2.1;
						DevelopmentTeam = SC8T7A8Q3S;
						ProvisioningStyle = Automatic;
					};
				};
			};
			buildConfigurationList = BA3FCA031E4B262F0095BE41 /* Build configuration list for PBXProject "anim" */;
			compatibilityVersion = "Xcode 3.2";
			developmentRegion = English;
			hasScannedForEncodings = 0;
			knownRegions = (
				en,
				Base,
			);
			mainGroup = BA3FC9FF1E4B262F0095BE41;
			productRefGroup = BA3FCA0A1E4B262F0095BE41 /* Products */;
			projectDirPath = "";
			projectRoot = "";
			targets = (
				BA3FCA081E4B262F0095BE41 /* anim */,
				BA150F9D1E53B85C009A14E3 /* animTests */,
			);
		};
/* End PBXProject section */

/* Begin PBXResourcesBuildPhase section */
		BA150F9C1E53B85C009A14E3 /* Resources */ = {
			isa = PBXResourcesBuildPhase;
			buildActionMask = 2147483647;
			files = (
			);
			runOnlyForDeploymentPostprocessing = 0;
		};
		BA3FCA071E4B262F0095BE41 /* Resources */ = {
			isa = PBXResourcesBuildPhase;
			buildActionMask = 2147483647;
			files = (
			);
			runOnlyForDeploymentPostprocessing = 0;
		};
/* End PBXResourcesBuildPhase section */

/* Begin PBXSourcesBuildPhase section */
		BA150F9A1E53B85C009A14E3 /* Sources */ = {
			isa = PBXSourcesBuildPhase;
			buildActionMask = 2147483647;
			files = (
				BA150FA91E53B870009A14E3 /* animTests.swift in Sources */,
			);
			runOnlyForDeploymentPostprocessing = 0;
		};
		BA3FCA041E4B262F0095BE41 /* Sources */ = {
			isa = PBXSourcesBuildPhase;
			buildActionMask = 2147483647;
			files = (
				BAE19D591E53313F000A41AB /* Animator.swift in Sources */,
				BAE19D571E532224000A41AB /* AnimatorType.swift in Sources */,
				BA3FCA251E4B26430095BE41 /* anim.swift in Sources */,
				BAE19D5B1E5331A0000A41AB /* Ease.swift in Sources */,
				BAE19D5D1E53329B000A41AB /* Settings.swift in Sources */,
			);
			runOnlyForDeploymentPostprocessing = 0;
		};
/* End PBXSourcesBuildPhase section */

/* Begin XCBuildConfiguration section */
		BA150FA71E53B85C009A14E3 /* Debug */ = {
			isa = XCBuildConfiguration;
			buildSettings = {
				DEVELOPMENT_TEAM = SC8T7A8Q3S;
				INFOPLIST_FILE = test/Info.plist;
				IPHONEOS_DEPLOYMENT_TARGET = 8.0;
				LD_RUNPATH_SEARCH_PATHS = "$(inherited) @executable_path/Frameworks @loader_path/Frameworks";
				PRODUCT_BUNDLE_IDENTIFIER = com.onurersel.animTests;
				PRODUCT_NAME = "$(TARGET_NAME)";
				SWIFT_VERSION = 3.0;
			};
			name = Debug;
		};
		BA150FA81E53B85C009A14E3 /* Release */ = {
			isa = XCBuildConfiguration;
			buildSettings = {
				DEVELOPMENT_TEAM = SC8T7A8Q3S;
				INFOPLIST_FILE = test/Info.plist;
				IPHONEOS_DEPLOYMENT_TARGET = 8.0;
				LD_RUNPATH_SEARCH_PATHS = "$(inherited) @executable_path/Frameworks @loader_path/Frameworks";
				PRODUCT_BUNDLE_IDENTIFIER = com.onurersel.animTests;
				PRODUCT_NAME = "$(TARGET_NAME)";
				SWIFT_VERSION = 3.0;
			};
			name = Release;
		};
		BA3FCA1B1E4B262F0095BE41 /* Debug */ = {
			isa = XCBuildConfiguration;
			buildSettings = {
				ALWAYS_SEARCH_USER_PATHS = NO;
				CLANG_ANALYZER_NONNULL = YES;
				CLANG_CXX_LANGUAGE_STANDARD = "gnu++0x";
				CLANG_CXX_LIBRARY = "libc++";
				CLANG_ENABLE_MODULES = YES;
				CLANG_ENABLE_OBJC_ARC = YES;
				CLANG_WARN_BOOL_CONVERSION = YES;
				CLANG_WARN_CONSTANT_CONVERSION = YES;
				CLANG_WARN_DIRECT_OBJC_ISA_USAGE = YES_ERROR;
				CLANG_WARN_DOCUMENTATION_COMMENTS = YES;
				CLANG_WARN_EMPTY_BODY = YES;
				CLANG_WARN_ENUM_CONVERSION = YES;
				CLANG_WARN_INFINITE_RECURSION = YES;
				CLANG_WARN_INT_CONVERSION = YES;
				CLANG_WARN_OBJC_ROOT_CLASS = YES_ERROR;
				CLANG_WARN_SUSPICIOUS_MOVE = YES;
				CLANG_WARN_UNREACHABLE_CODE = YES;
				CLANG_WARN__DUPLICATE_METHOD_MATCH = YES;
				"CODE_SIGN_IDENTITY[sdk=iphoneos*]" = "iPhone Developer";
				COPY_PHASE_STRIP = NO;
				CURRENT_PROJECT_VERSION = 1;
				DEBUG_INFORMATION_FORMAT = dwarf;
				ENABLE_STRICT_OBJC_MSGSEND = YES;
				ENABLE_TESTABILITY = YES;
				GCC_C_LANGUAGE_STANDARD = gnu99;
				GCC_DYNAMIC_NO_PIC = NO;
				GCC_NO_COMMON_BLOCKS = YES;
				GCC_OPTIMIZATION_LEVEL = 0;
				GCC_PREPROCESSOR_DEFINITIONS = (
					"DEBUG=1",
					"$(inherited)",
				);
				GCC_WARN_64_TO_32_BIT_CONVERSION = YES;
				GCC_WARN_ABOUT_RETURN_TYPE = YES_ERROR;
				GCC_WARN_UNDECLARED_SELECTOR = YES;
				GCC_WARN_UNINITIALIZED_AUTOS = YES_AGGRESSIVE;
				GCC_WARN_UNUSED_FUNCTION = YES;
				GCC_WARN_UNUSED_VARIABLE = YES;
				IPHONEOS_DEPLOYMENT_TARGET = 8.0;
				MTL_ENABLE_DEBUG_INFO = YES;
				ONLY_ACTIVE_ARCH = YES;
				SDKROOT = iphoneos;
				SWIFT_ACTIVE_COMPILATION_CONDITIONS = DEBUG;
				SWIFT_OPTIMIZATION_LEVEL = "-Onone";
				TARGETED_DEVICE_FAMILY = "1,2";
				VERSIONING_SYSTEM = "apple-generic";
				VERSION_INFO_PREFIX = "";
			};
			name = Debug;
		};
		BA3FCA1C1E4B262F0095BE41 /* Release */ = {
			isa = XCBuildConfiguration;
			buildSettings = {
				ALWAYS_SEARCH_USER_PATHS = NO;
				CLANG_ANALYZER_NONNULL = YES;
				CLANG_CXX_LANGUAGE_STANDARD = "gnu++0x";
				CLANG_CXX_LIBRARY = "libc++";
				CLANG_ENABLE_MODULES = YES;
				CLANG_ENABLE_OBJC_ARC = YES;
				CLANG_WARN_BOOL_CONVERSION = YES;
				CLANG_WARN_CONSTANT_CONVERSION = YES;
				CLANG_WARN_DIRECT_OBJC_ISA_USAGE = YES_ERROR;
				CLANG_WARN_DOCUMENTATION_COMMENTS = YES;
				CLANG_WARN_EMPTY_BODY = YES;
				CLANG_WARN_ENUM_CONVERSION = YES;
				CLANG_WARN_INFINITE_RECURSION = YES;
				CLANG_WARN_INT_CONVERSION = YES;
				CLANG_WARN_OBJC_ROOT_CLASS = YES_ERROR;
				CLANG_WARN_SUSPICIOUS_MOVE = YES;
				CLANG_WARN_UNREACHABLE_CODE = YES;
				CLANG_WARN__DUPLICATE_METHOD_MATCH = YES;
				"CODE_SIGN_IDENTITY[sdk=iphoneos*]" = "iPhone Developer";
				COPY_PHASE_STRIP = NO;
				CURRENT_PROJECT_VERSION = 1;
				DEBUG_INFORMATION_FORMAT = "dwarf-with-dsym";
				ENABLE_NS_ASSERTIONS = NO;
				ENABLE_STRICT_OBJC_MSGSEND = YES;
				GCC_C_LANGUAGE_STANDARD = gnu99;
				GCC_NO_COMMON_BLOCKS = YES;
				GCC_WARN_64_TO_32_BIT_CONVERSION = YES;
				GCC_WARN_ABOUT_RETURN_TYPE = YES_ERROR;
				GCC_WARN_UNDECLARED_SELECTOR = YES;
				GCC_WARN_UNINITIALIZED_AUTOS = YES_AGGRESSIVE;
				GCC_WARN_UNUSED_FUNCTION = YES;
				GCC_WARN_UNUSED_VARIABLE = YES;
				IPHONEOS_DEPLOYMENT_TARGET = 8.0;
				MTL_ENABLE_DEBUG_INFO = NO;
				SDKROOT = iphoneos;
				SWIFT_OPTIMIZATION_LEVEL = "-Owholemodule";
				TARGETED_DEVICE_FAMILY = "1,2";
				VALIDATE_PRODUCT = YES;
				VERSIONING_SYSTEM = "apple-generic";
				VERSION_INFO_PREFIX = "";
			};
			name = Release;
		};
		BA3FCA1E1E4B262F0095BE41 /* Debug */ = {
			isa = XCBuildConfiguration;
			buildSettings = {
				CODE_SIGN_IDENTITY = "";
				DEFINES_MODULE = YES;
				DEVELOPMENT_TEAM = SC8T7A8Q3S;
				DYLIB_COMPATIBILITY_VERSION = 1;
				DYLIB_CURRENT_VERSION = 1;
				DYLIB_INSTALL_NAME_BASE = "@rpath";
				INFOPLIST_FILE = anim/Info.plist;
				INSTALL_PATH = "$(LOCAL_LIBRARY_DIR)/Frameworks";
				LD_RUNPATH_SEARCH_PATHS = "$(inherited) @executable_path/Frameworks @loader_path/Frameworks";
				PRODUCT_BUNDLE_IDENTIFIER = com.onurersel.anim;
				PRODUCT_NAME = "$(TARGET_NAME)";
				SKIP_INSTALL = YES;
				SWIFT_VERSION = 3.0;
				TARGETED_DEVICE_FAMILY = "1,2";
			};
			name = Debug;
		};
		BA3FCA1F1E4B262F0095BE41 /* Release */ = {
			isa = XCBuildConfiguration;
			buildSettings = {
				CODE_SIGN_IDENTITY = "";
				DEFINES_MODULE = YES;
				DEVELOPMENT_TEAM = SC8T7A8Q3S;
				DYLIB_COMPATIBILITY_VERSION = 1;
				DYLIB_CURRENT_VERSION = 1;
				DYLIB_INSTALL_NAME_BASE = "@rpath";
				INFOPLIST_FILE = anim/Info.plist;
				INSTALL_PATH = "$(LOCAL_LIBRARY_DIR)/Frameworks";
				LD_RUNPATH_SEARCH_PATHS = "$(inherited) @executable_path/Frameworks @loader_path/Frameworks";
				PRODUCT_BUNDLE_IDENTIFIER = com.onurersel.anim;
				PRODUCT_NAME = "$(TARGET_NAME)";
				SKIP_INSTALL = YES;
				SWIFT_VERSION = 3.0;
				TARGETED_DEVICE_FAMILY = "1,2";
			};
			name = Release;
		};
/* End XCBuildConfiguration section */

/* Begin XCConfigurationList section */
		BA150FA61E53B85C009A14E3 /* Build configuration list for PBXNativeTarget "animTests" */ = {
			isa = XCConfigurationList;
			buildConfigurations = (
				BA150FA71E53B85C009A14E3 /* Debug */,
				BA150FA81E53B85C009A14E3 /* Release */,
			);
			defaultConfigurationIsVisible = 0;
			defaultConfigurationName = Release;
		};
		BA3FCA031E4B262F0095BE41 /* Build configuration list for PBXProject "anim" */ = {
			isa = XCConfigurationList;
			buildConfigurations = (
				BA3FCA1B1E4B262F0095BE41 /* Debug */,
				BA3FCA1C1E4B262F0095BE41 /* Release */,
			);
			defaultConfigurationIsVisible = 0;
			defaultConfigurationName = Release;
		};
		BA3FCA1D1E4B262F0095BE41 /* Build configuration list for PBXNativeTarget "anim" */ = {
			isa = XCConfigurationList;
			buildConfigurations = (
				BA3FCA1E1E4B262F0095BE41 /* Debug */,
				BA3FCA1F1E4B262F0095BE41 /* Release */,
			);
			defaultConfigurationIsVisible = 0;
			defaultConfigurationName = Release;
		};
/* End XCConfigurationList section */
	};
	rootObject = BA3FCA001E4B262F0095BE41 /* Project object */;
}
