// !$*UTF8*$!
{
	archiveVersion = 1;
	classes = {
	};
	objectVersion = 46;
	objects = {

/* Begin PBXBuildFile section */
		95A9CFFF1C48F41F00400241 /* AppDelegate.swift in Sources */ = {isa = PBXBuildFile; fileRef = 95A9CFFE1C48F41F00400241 /* AppDelegate.swift */; };
		95A9D0011C48F41F00400241 /* ViewController.swift in Sources */ = {isa = PBXBuildFile; fileRef = 95A9D0001C48F41F00400241 /* ViewController.swift */; };
		95A9D0041C48F41F00400241 /* Main.storyboard in Resources */ = {isa = PBXBuildFile; fileRef = 95A9D0021C48F41F00400241 /* Main.storyboard */; };
		95A9D0061C48F41F00400241 /* Assets.xcassets in Resources */ = {isa = PBXBuildFile; fileRef = 95A9D0051C48F41F00400241 /* Assets.xcassets */; };
		95A9D0091C48F41F00400241 /* LaunchScreen.storyboard in Resources */ = {isa = PBXBuildFile; fileRef = 95A9D0071C48F41F00400241 /* LaunchScreen.storyboard */; };
		95A9D0111C48F45F00400241 /* anim.swift in Sources */ = {isa = PBXBuildFile; fileRef = 95A9D0101C48F45F00400241 /* anim.swift */; };
/* End PBXBuildFile section */

/* Begin PBXFileReference section */
		95A9CFFB1C48F41F00400241 /* anim.app */ = {isa = PBXFileReference; explicitFileType = wrapper.application; includeInIndex = 0; path = anim.app; sourceTree = BUILT_PRODUCTS_DIR; };
		95A9CFFE1C48F41F00400241 /* AppDelegate.swift */ = {isa = PBXFileReference; lastKnownFileType = sourcecode.swift; path = AppDelegate.swift; sourceTree = "<group>"; };
		95A9D0001C48F41F00400241 /* ViewController.swift */ = {isa = PBXFileReference; lastKnownFileType = sourcecode.swift; path = ViewController.swift; sourceTree = "<group>"; };
		95A9D0031C48F41F00400241 /* Base */ = {isa = PBXFileReference; lastKnownFileType = file.storyboard; name = Base; path = Base.lproj/Main.storyboard; sourceTree = "<group>"; };
		95A9D0051C48F41F00400241 /* Assets.xcassets */ = {isa = PBXFileReference; lastKnownFileType = folder.assetcatalog; path = Assets.xcassets; sourceTree = "<group>"; };
		95A9D0081C48F41F00400241 /* Base */ = {isa = PBXFileReference; lastKnownFileType = file.storyboard; name = Base; path = Base.lproj/LaunchScreen.storyboard; sourceTree = "<group>"; };
		95A9D00A1C48F41F00400241 /* Info.plist */ = {isa = PBXFileReference; lastKnownFileType = text.plist.xml; path = Info.plist; sourceTree = "<group>"; };
		95A9D0101C48F45F00400241 /* anim.swift */ = {isa = PBXFileReference; fileEncoding = 4; lastKnownFileType = sourcecode.swift; path = anim.swift; sourceTree = "<group>"; };
/* End PBXFileReference section */

/* Begin PBXFrameworksBuildPhase section */
		95A9CFF81C48F41F00400241 /* Frameworks */ = {
			isa = PBXFrameworksBuildPhase;
			buildActionMask = 2147483647;
			files = (
			);
			runOnlyForDeploymentPostprocessing = 0;
		};
/* End PBXFrameworksBuildPhase section */

/* Begin PBXGroup section */
		95A9CFF21C48F41F00400241 = {
			isa = PBXGroup;
			children = (
				95A9CFFD1C48F41F00400241 /* anim */,
				95A9CFFC1C48F41F00400241 /* Products */,
			);
			sourceTree = "<group>";
		};
		95A9CFFC1C48F41F00400241 /* Products */ = {
			isa = PBXGroup;
			children = (
				95A9CFFB1C48F41F00400241 /* anim.app */,
			);
			name = Products;
			sourceTree = "<group>";
		};
		95A9CFFD1C48F41F00400241 /* anim */ = {
			isa = PBXGroup;
			children = (
				95A9D0101C48F45F00400241 /* anim.swift */,
				95A9CFFE1C48F41F00400241 /* AppDelegate.swift */,
				95A9D0001C48F41F00400241 /* ViewController.swift */,
				95A9D0021C48F41F00400241 /* Main.storyboard */,
				95A9D0051C48F41F00400241 /* Assets.xcassets */,
				95A9D0071C48F41F00400241 /* LaunchScreen.storyboard */,
				95A9D00A1C48F41F00400241 /* Info.plist */,
			);
			path = anim;
			sourceTree = "<group>";
		};
/* End PBXGroup section */

/* Begin PBXNativeTarget section */
		95A9CFFA1C48F41F00400241 /* anim */ = {
			isa = PBXNativeTarget;
			buildConfigurationList = 95A9D00D1C48F41F00400241 /* Build configuration list for PBXNativeTarget "anim" */;
			buildPhases = (
				95A9CFF71C48F41F00400241 /* Sources */,
				95A9CFF81C48F41F00400241 /* Frameworks */,
				95A9CFF91C48F41F00400241 /* Resources */,
			);
			buildRules = (
			);
			dependencies = (
			);
			name = anim;
			productName = anim;
			productReference = 95A9CFFB1C48F41F00400241 /* anim.app */;
			productType = "com.apple.product-type.application";
		};
/* End PBXNativeTarget section */

/* Begin PBXProject section */
		95A9CFF31C48F41F00400241 /* Project object */ = {
			isa = PBXProject;
			attributes = {
				LastSwiftUpdateCheck = 0720;
				LastUpgradeCheck = 0720;
				ORGANIZATIONNAME = "Onur Ersel";
				TargetAttributes = {
					95A9CFFA1C48F41F00400241 = {
						CreatedOnToolsVersion = 7.2;
					};
				};
			};
			buildConfigurationList = 95A9CFF61C48F41F00400241 /* Build configuration list for PBXProject "anim" */;
			compatibilityVersion = "Xcode 3.2";
			developmentRegion = English;
			hasScannedForEncodings = 0;
			knownRegions = (
				en,
				Base,
			);
			mainGroup = 95A9CFF21C48F41F00400241;
			productRefGroup = 95A9CFFC1C48F41F00400241 /* Products */;
			projectDirPath = "";
			projectRoot = "";
			targets = (
				95A9CFFA1C48F41F00400241 /* anim */,
			);
		};
/* End PBXProject section */

/* Begin PBXResourcesBuildPhase section */
		95A9CFF91C48F41F00400241 /* Resources */ = {
			isa = PBXResourcesBuildPhase;
			buildActionMask = 2147483647;
			files = (
				95A9D0091C48F41F00400241 /* LaunchScreen.storyboard in Resources */,
				95A9D0061C48F41F00400241 /* Assets.xcassets in Resources */,
				95A9D0041C48F41F00400241 /* Main.storyboard in Resources */,
			);
			runOnlyForDeploymentPostprocessing = 0;
		};
/* End PBXResourcesBuildPhase section */

/* Begin PBXSourcesBuildPhase section */
		95A9CFF71C48F41F00400241 /* Sources */ = {
			isa = PBXSourcesBuildPhase;
			buildActionMask = 2147483647;
			files = (
				95A9D0111C48F45F00400241 /* anim.swift in Sources */,
				95A9D0011C48F41F00400241 /* ViewController.swift in Sources */,
				95A9CFFF1C48F41F00400241 /* AppDelegate.swift in Sources */,
			);
			runOnlyForDeploymentPostprocessing = 0;
		};
/* End PBXSourcesBuildPhase section */

/* Begin PBXVariantGroup section */
		95A9D0021C48F41F00400241 /* Main.storyboard */ = {
			isa = PBXVariantGroup;
			children = (
				95A9D0031C48F41F00400241 /* Base */,
			);
			name = Main.storyboard;
			sourceTree = "<group>";
		};
		95A9D0071C48F41F00400241 /* LaunchScreen.storyboard */ = {
			isa = PBXVariantGroup;
			children = (
				95A9D0081C48F41F00400241 /* Base */,
			);
			name = LaunchScreen.storyboard;
			sourceTree = "<group>";
		};
/* End PBXVariantGroup section */

/* Begin XCBuildConfiguration section */
		95A9D00B1C48F41F00400241 /* Debug */ = {
			isa = XCBuildConfiguration;
			buildSettings = {
				ALWAYS_SEARCH_USER_PATHS = NO;
				CLANG_CXX_LANGUAGE_STANDARD = "gnu++0x";
				CLANG_CXX_LIBRARY = "libc++";
				CLANG_ENABLE_MODULES = YES;
				CLANG_ENABLE_OBJC_ARC = YES;
				CLANG_WARN_BOOL_CONVERSION = YES;
				CLANG_WARN_CONSTANT_CONVERSION = YES;
				CLANG_WARN_DIRECT_OBJC_ISA_USAGE = YES_ERROR;
				CLANG_WARN_EMPTY_BODY = YES;
				CLANG_WARN_ENUM_CONVERSION = YES;
				CLANG_WARN_INT_CONVERSION = YES;
				CLANG_WARN_OBJC_ROOT_CLASS = YES_ERROR;
				CLANG_WARN_UNREACHABLE_CODE = YES;
				CLANG_WARN__DUPLICATE_METHOD_MATCH = YES;
				"CODE_SIGN_IDENTITY[sdk=iphoneos*]" = "iPhone Developer";
				COPY_PHASE_STRIP = NO;
				DEBUG_INFORMATION_FORMAT = dwarf;
				ENABLE_STRICT_OBJC_MSGSEND = YES;
				ENABLE_TESTABILITY = YES;
				GCC_C_LANGUAGE_STANDARD = gnu99;
				GCC_DYNAMIC_NO_PIC = NO;
				GCC_NO_COMMON_BLOCKS = YES;
				GCC_OPTIMIZATION_LEVEL = 0;
				GCC_PREPROCESSOR_DEFINITIONS = (
					"DEBUG=1",
					"$(inherited)",
				);
				GCC_WARN_64_TO_32_BIT_CONVERSION = YES;
				GCC_WARN_ABOUT_RETURN_TYPE = YES_ERROR;
				GCC_WARN_UNDECLARED_SELECTOR = YES;
				GCC_WARN_UNINITIALIZED_AUTOS = YES_AGGRESSIVE;
				GCC_WARN_UNUSED_FUNCTION = YES;
				GCC_WARN_UNUSED_VARIABLE = YES;
				IPHONEOS_DEPLOYMENT_TARGET = 9.2;
				MTL_ENABLE_DEBUG_INFO = YES;
				ONLY_ACTIVE_ARCH = YES;
				SDKROOT = iphoneos;
				SWIFT_OPTIMIZATION_LEVEL = "-Onone";
				TARGETED_DEVICE_FAMILY = "1,2";
			};
			name = Debug;
		};
		95A9D00C1C48F41F00400241 /* Release */ = {
			isa = XCBuildConfiguration;
			buildSettings = {
				ALWAYS_SEARCH_USER_PATHS = NO;
				CLANG_CXX_LANGUAGE_STANDARD = "gnu++0x";
				CLANG_CXX_LIBRARY = "libc++";
				CLANG_ENABLE_MODULES = YES;
				CLANG_ENABLE_OBJC_ARC = YES;
				CLANG_WARN_BOOL_CONVERSION = YES;
				CLANG_WARN_CONSTANT_CONVERSION = YES;
				CLANG_WARN_DIRECT_OBJC_ISA_USAGE = YES_ERROR;
				CLANG_WARN_EMPTY_BODY = YES;
				CLANG_WARN_ENUM_CONVERSION = YES;
				CLANG_WARN_INT_CONVERSION = YES;
				CLANG_WARN_OBJC_ROOT_CLASS = YES_ERROR;
				CLANG_WARN_UNREACHABLE_CODE = YES;
				CLANG_WARN__DUPLICATE_METHOD_MATCH = YES;
				"CODE_SIGN_IDENTITY[sdk=iphoneos*]" = "iPhone Developer";
				COPY_PHASE_STRIP = NO;
				DEBUG_INFORMATION_FORMAT = "dwarf-with-dsym";
				ENABLE_NS_ASSERTIONS = NO;
				ENABLE_STRICT_OBJC_MSGSEND = YES;
				GCC_C_LANGUAGE_STANDARD = gnu99;
				GCC_NO_COMMON_BLOCKS = YES;
				GCC_WARN_64_TO_32_BIT_CONVERSION = YES;
				GCC_WARN_ABOUT_RETURN_TYPE = YES_ERROR;
				GCC_WARN_UNDECLARED_SELECTOR = YES;
				GCC_WARN_UNINITIALIZED_AUTOS = YES_AGGRESSIVE;
				GCC_WARN_UNUSED_FUNCTION = YES;
				GCC_WARN_UNUSED_VARIABLE = YES;
				IPHONEOS_DEPLOYMENT_TARGET = 9.2;
				MTL_ENABLE_DEBUG_INFO = NO;
				SDKROOT = iphoneos;
				TARGETED_DEVICE_FAMILY = "1,2";
				VALIDATE_PRODUCT = YES;
			};
			name = Release;
		};
		95A9D00E1C48F41F00400241 /* Debug */ = {
			isa = XCBuildConfiguration;
			buildSettings = {
				ASSETCATALOG_COMPILER_APPICON_NAME = AppIcon;
				INFOPLIST_FILE = anim/Info.plist;
				LD_RUNPATH_SEARCH_PATHS = "$(inherited) @executable_path/Frameworks";
				PRODUCT_BUNDLE_IDENTIFIER = com.onurersel.anim;
				PRODUCT_NAME = "$(TARGET_NAME)";
			};
			name = Debug;
		};
		95A9D00F1C48F41F00400241 /* Release */ = {
			isa = XCBuildConfiguration;
			buildSettings = {
				ASSETCATALOG_COMPILER_APPICON_NAME = AppIcon;
				INFOPLIST_FILE = anim/Info.plist;
				LD_RUNPATH_SEARCH_PATHS = "$(inherited) @executable_path/Frameworks";
				PRODUCT_BUNDLE_IDENTIFIER = com.onurersel.anim;
				PRODUCT_NAME = "$(TARGET_NAME)";
			};
			name = Release;
		};
/* End XCBuildConfiguration section */

/* Begin XCConfigurationList section */
		95A9CFF61C48F41F00400241 /* Build configuration list for PBXProject "anim" */ = {
			isa = XCConfigurationList;
			buildConfigurations = (
				95A9D00B1C48F41F00400241 /* Debug */,
				95A9D00C1C48F41F00400241 /* Release */,
			);
			defaultConfigurationIsVisible = 0;
			defaultConfigurationName = Release;
		};
		95A9D00D1C48F41F00400241 /* Build configuration list for PBXNativeTarget "anim" */ = {
			isa = XCConfigurationList;
			buildConfigurations = (
				95A9D00E1C48F41F00400241 /* Debug */,
				95A9D00F1C48F41F00400241 /* Release */,
			);
			defaultConfigurationIsVisible = 0;
			defaultConfigurationName = Release;
		};
/* End XCConfigurationList section */
	};
	rootObject = 95A9CFF31C48F41F00400241 /* Project object */;
}
