// !$*UTF8*$!
{
	archiveVersion = 1;
	classes = {
	};
	objectVersion = 46;
	objects = {

/* Begin PBXBuildFile section */
		BA3FC96C1E4A1D530095BE41 /* animTests.swift in Sources */ = {isa = PBXBuildFile; fileRef = BA3FC96B1E4A1D530095BE41 /* animTests.swift */; };
		BA3FC97B1E4A6D0B0095BE41 /* anim.swift in Sources */ = {isa = PBXBuildFile; fileRef = BA3FC97A1E4A6D0B0095BE41 /* anim.swift */; };
/* End PBXBuildFile section */

/* Begin PBXFileReference section */
		BA3FC9691E4A1D530095BE41 /* animTests.xctest */ = {isa = PBXFileReference; explicitFileType = wrapper.cfbundle; includeInIndex = 0; path = animTests.xctest; sourceTree = BUILT_PRODUCTS_DIR; };
		BA3FC96B1E4A1D530095BE41 /* animTests.swift */ = {isa = PBXFileReference; lastKnownFileType = sourcecode.swift; path = animTests.swift; sourceTree = "<group>"; };
		BA3FC96D1E4A1D530095BE41 /* Info.plist */ = {isa = PBXFileReference; lastKnownFileType = text.plist.xml; path = Info.plist; sourceTree = "<group>"; };
		BA3FC97A1E4A6D0B0095BE41 /* anim.swift */ = {isa = PBXFileReference; fileEncoding = 4; lastKnownFileType = sourcecode.swift; path = anim.swift; sourceTree = "<group>"; };
/* End PBXFileReference section */

/* Begin PBXFrameworksBuildPhase section */
		BA3FC9661E4A1D530095BE41 /* Frameworks */ = {
			isa = PBXFrameworksBuildPhase;
			buildActionMask = 2147483647;
			files = (
			);
			runOnlyForDeploymentPostprocessing = 0;
		};
/* End PBXFrameworksBuildPhase section */

/* Begin PBXGroup section */
		BA3FC9501E4A1D440095BE41 = {
			isa = PBXGroup;
			children = (
				BA3FC9791E4A6D0B0095BE41 /* src */,
				BA3FC96A1E4A1D530095BE41 /* animTests */,
				BA3FC95B1E4A1D440095BE41 /* Products */,
			);
			sourceTree = "<group>";
		};
		BA3FC95B1E4A1D440095BE41 /* Products */ = {
			isa = PBXGroup;
			children = (
				BA3FC9691E4A1D530095BE41 /* animTests.xctest */,
			);
			name = Products;
			sourceTree = "<group>";
		};
		BA3FC96A1E4A1D530095BE41 /* animTests */ = {
			isa = PBXGroup;
			children = (
				BA3FC96B1E4A1D530095BE41 /* animTests.swift */,
				BA3FC96D1E4A1D530095BE41 /* Info.plist */,
			);
			path = animTests;
			sourceTree = "<group>";
		};
		BA3FC9791E4A6D0B0095BE41 /* src */ = {
			isa = PBXGroup;
			children = (
				BA3FC97A1E4A6D0B0095BE41 /* anim.swift */,
			);
			name = src;
			path = ../src;
			sourceTree = "<group>";
		};
/* End PBXGroup section */

/* Begin PBXNativeTarget section */
		BA3FC9681E4A1D530095BE41 /* animTests */ = {
			isa = PBXNativeTarget;
			buildConfigurationList = BA3FC9711E4A1D530095BE41 /* Build configuration list for PBXNativeTarget "animTests" */;
			buildPhases = (
				BA3FC9651E4A1D530095BE41 /* Sources */,
				BA3FC9661E4A1D530095BE41 /* Frameworks */,
				BA3FC9671E4A1D530095BE41 /* Resources */,
			);
			buildRules = (
			);
			dependencies = (
			);
			name = animTests;
			productName = animTests;
			productReference = BA3FC9691E4A1D530095BE41 /* animTests.xctest */;
			productType = "com.apple.product-type.bundle.unit-test";
		};
/* End PBXNativeTarget section */

/* Begin PBXProject section */
		BA3FC9511E4A1D440095BE41 /* Project object */ = {
			isa = PBXProject;
			attributes = {
				LastSwiftUpdateCheck = 0820;
				LastUpgradeCheck = 0820;
				ORGANIZATIONNAME = "Onur Ersel";
				TargetAttributes = {
					BA3FC9681E4A1D530095BE41 = {
						CreatedOnToolsVersion = 8.2.1;
						DevelopmentTeam = SC8T7A8Q3S;
						ProvisioningStyle = Automatic;
					};
				};
			};
			buildConfigurationList = BA3FC9541E4A1D440095BE41 /* Build configuration list for PBXProject "anim" */;
			compatibilityVersion = "Xcode 3.2";
			developmentRegion = English;
			hasScannedForEncodings = 0;
			knownRegions = (
				en,
			);
			mainGroup = BA3FC9501E4A1D440095BE41;
			productRefGroup = BA3FC95B1E4A1D440095BE41 /* Products */;
			projectDirPath = "";
			projectRoot = "";
			targets = (
				BA3FC9681E4A1D530095BE41 /* animTests */,
			);
		};
/* End PBXProject section */

/* Begin PBXResourcesBuildPhase section */
		BA3FC9671E4A1D530095BE41 /* Resources */ = {
			isa = PBXResourcesBuildPhase;
			buildActionMask = 2147483647;
			files = (
			);
			runOnlyForDeploymentPostprocessing = 0;
		};
/* End PBXResourcesBuildPhase section */

/* Begin PBXSourcesBuildPhase section */
		BA3FC9651E4A1D530095BE41 /* Sources */ = {
			isa = PBXSourcesBuildPhase;
			buildActionMask = 2147483647;
			files = (
				BA3FC97B1E4A6D0B0095BE41 /* anim.swift in Sources */,
				BA3FC96C1E4A1D530095BE41 /* animTests.swift in Sources */,
			);
			runOnlyForDeploymentPostprocessing = 0;
		};
/* End PBXSourcesBuildPhase section */

/* Begin XCBuildConfiguration section */
		BA3FC9601E4A1D440095BE41 /* Debug */ = {
			isa = XCBuildConfiguration;
			buildSettings = {
				ALWAYS_SEARCH_USER_PATHS = NO;
				CLANG_ANALYZER_NONNULL = YES;
				CLANG_CXX_LANGUAGE_STANDARD = "gnu++0x";
				CLANG_CXX_LIBRARY = "libc++";
				CLANG_ENABLE_MODULES = YES;
				CLANG_ENABLE_OBJC_ARC = YES;
				CLANG_WARN_BOOL_CONVERSION = YES;
				CLANG_WARN_CONSTANT_CONVERSION = YES;
				CLANG_WARN_DIRECT_OBJC_ISA_USAGE = YES_ERROR;
				CLANG_WARN_DOCUMENTATION_COMMENTS = YES;
				CLANG_WARN_EMPTY_BODY = YES;
				CLANG_WARN_ENUM_CONVERSION = YES;
				CLANG_WARN_INFINITE_RECURSION = YES;
				CLANG_WARN_INT_CONVERSION = YES;
				CLANG_WARN_OBJC_ROOT_CLASS = YES_ERROR;
				CLANG_WARN_SUSPICIOUS_MOVE = YES;
				CLANG_WARN_UNREACHABLE_CODE = YES;
				CLANG_WARN__DUPLICATE_METHOD_MATCH = YES;
				"CODE_SIGN_IDENTITY[sdk=iphoneos*]" = "iPhone Developer";
				COPY_PHASE_STRIP = NO;
				CURRENT_PROJECT_VERSION = 1;
				DEBUG_INFORMATION_FORMAT = dwarf;
				ENABLE_STRICT_OBJC_MSGSEND = YES;
				ENABLE_TESTABILITY = YES;
				GCC_C_LANGUAGE_STANDARD = gnu99;
				GCC_DYNAMIC_NO_PIC = NO;
				GCC_NO_COMMON_BLOCKS = YES;
				GCC_OPTIMIZATION_LEVEL = 0;
				GCC_PREPROCESSOR_DEFINITIONS = (
					"DEBUG=1",
					"$(inherited)",
				);
				GCC_WARN_64_TO_32_BIT_CONVERSION = YES;
				GCC_WARN_ABOUT_RETURN_TYPE = YES_ERROR;
				GCC_WARN_UNDECLARED_SELECTOR = YES;
				GCC_WARN_UNINITIALIZED_AUTOS = YES_AGGRESSIVE;
				GCC_WARN_UNUSED_FUNCTION = YES;
				GCC_WARN_UNUSED_VARIABLE = YES;
				IPHONEOS_DEPLOYMENT_TARGET = 10.2;
				MTL_ENABLE_DEBUG_INFO = YES;
				ONLY_ACTIVE_ARCH = YES;
				SDKROOT = iphoneos;
				SWIFT_ACTIVE_COMPILATION_CONDITIONS = DEBUG;
				SWIFT_OPTIMIZATION_LEVEL = "-Onone";
				TARGETED_DEVICE_FAMILY = "1,2";
				VERSIONING_SYSTEM = "apple-generic";
				VERSION_INFO_PREFIX = "";
			};
			name = Debug;
		};
		BA3FC9611E4A1D440095BE41 /* Release */ = {
			isa = XCBuildConfiguration;
			buildSettings = {
				ALWAYS_SEARCH_USER_PATHS = NO;
				CLANG_ANALYZER_NONNULL = YES;
				CLANG_CXX_LANGUAGE_STANDARD = "gnu++0x";
				CLANG_CXX_LIBRARY = "libc++";
				CLANG_ENABLE_MODULES = YES;
				CLANG_ENABLE_OBJC_ARC = YES;
				CLANG_WARN_BOOL_CONVERSION = YES;
				CLANG_WARN_CONSTANT_CONVERSION = YES;
				CLANG_WARN_DIRECT_OBJC_ISA_USAGE = YES_ERROR;
				CLANG_WARN_DOCUMENTATION_COMMENTS = YES;
				CLANG_WARN_EMPTY_BODY = YES;
				CLANG_WARN_ENUM_CONVERSION = YES;
				CLANG_WARN_INFINITE_RECURSION = YES;
				CLANG_WARN_INT_CONVERSION = YES;
				CLANG_WARN_OBJC_ROOT_CLASS = YES_ERROR;
				CLANG_WARN_SUSPICIOUS_MOVE = YES;
				CLANG_WARN_UNREACHABLE_CODE = YES;
				CLANG_WARN__DUPLICATE_METHOD_MATCH = YES;
				"CODE_SIGN_IDENTITY[sdk=iphoneos*]" = "iPhone Developer";
				COPY_PHASE_STRIP = NO;
				CURRENT_PROJECT_VERSION = 1;
				DEBUG_INFORMATION_FORMAT = "dwarf-with-dsym";
				ENABLE_NS_ASSERTIONS = NO;
				ENABLE_STRICT_OBJC_MSGSEND = YES;
				GCC_C_LANGUAGE_STANDARD = gnu99;
				GCC_NO_COMMON_BLOCKS = YES;
				GCC_WARN_64_TO_32_BIT_CONVERSION = YES;
				GCC_WARN_ABOUT_RETURN_TYPE = YES_ERROR;
				GCC_WARN_UNDECLARED_SELECTOR = YES;
				GCC_WARN_UNINITIALIZED_AUTOS = YES_AGGRESSIVE;
				GCC_WARN_UNUSED_FUNCTION = YES;
				GCC_WARN_UNUSED_VARIABLE = YES;
				IPHONEOS_DEPLOYMENT_TARGET = 10.2;
				MTL_ENABLE_DEBUG_INFO = NO;
				SDKROOT = iphoneos;
				SWIFT_OPTIMIZATION_LEVEL = "-Owholemodule";
				TARGETED_DEVICE_FAMILY = "1,2";
				VALIDATE_PRODUCT = YES;
				VERSIONING_SYSTEM = "apple-generic";
				VERSION_INFO_PREFIX = "";
			};
			name = Release;
		};
		BA3FC9721E4A1D530095BE41 /* Debug */ = {
			isa = XCBuildConfiguration;
			buildSettings = {
				DEVELOPMENT_TEAM = SC8T7A8Q3S;
				INFOPLIST_FILE = animTests/Info.plist;
				LD_RUNPATH_SEARCH_PATHS = "$(inherited) @executable_path/Frameworks @loader_path/Frameworks";
				PRODUCT_BUNDLE_IDENTIFIER = com.onurersel.animTests;
				PRODUCT_NAME = "$(TARGET_NAME)";
				SWIFT_VERSION = 3.0;
			};
			name = Debug;
		};
		BA3FC9731E4A1D530095BE41 /* Release */ = {
			isa = XCBuildConfiguration;
			buildSettings = {
				DEVELOPMENT_TEAM = SC8T7A8Q3S;
				INFOPLIST_FILE = animTests/Info.plist;
				LD_RUNPATH_SEARCH_PATHS = "$(inherited) @executable_path/Frameworks @loader_path/Frameworks";
				PRODUCT_BUNDLE_IDENTIFIER = com.onurersel.animTests;
				PRODUCT_NAME = "$(TARGET_NAME)";
				SWIFT_VERSION = 3.0;
			};
			name = Release;
		};
/* End XCBuildConfiguration section */

/* Begin XCConfigurationList section */
		BA3FC9541E4A1D440095BE41 /* Build configuration list for PBXProject "anim" */ = {
			isa = XCConfigurationList;
			buildConfigurations = (
				BA3FC9601E4A1D440095BE41 /* Debug */,
				BA3FC9611E4A1D440095BE41 /* Release */,
			);
			defaultConfigurationIsVisible = 0;
			defaultConfigurationName = Release;
		};
		BA3FC9711E4A1D530095BE41 /* Build configuration list for PBXNativeTarget "animTests" */ = {
			isa = XCConfigurationList;
			buildConfigurations = (
				BA3FC9721E4A1D530095BE41 /* Debug */,
				BA3FC9731E4A1D530095BE41 /* Release */,
			);
			defaultConfigurationIsVisible = 0;
			defaultConfigurationName = Release;
		};
/* End XCConfigurationList section */
	};
	rootObject = BA3FC9511E4A1D440095BE41 /* Project object */;
}
